// !$*UTF8*$!
{
	archiveVersion = 1;
	classes = {
	};
	objectVersion = 56;
	objects = {

/* Begin PBXBuildFile section */
		992821A02BC0931200B592F7 /* AllInApp.swift in Sources */ = {isa = PBXBuildFile; fileRef = 9928219F2BC0931200B592F7 /* AllInApp.swift */; };
		992821A22BC0932300B592F7 /* AllInTests.swift in Sources */ = {isa = PBXBuildFile; fileRef = 992821A12BC0932300B592F7 /* AllInTests.swift */; };
		992821A52BC0932800B592F7 /* AllInUITestsLaunchTests.swift in Sources */ = {isa = PBXBuildFile; fileRef = 992821A32BC0932800B592F7 /* AllInUITestsLaunchTests.swift */; };
		992821A62BC0932800B592F7 /* AllInUITests.swift in Sources */ = {isa = PBXBuildFile; fileRef = 992821A42BC0932800B592F7 /* AllInUITests.swift */; };
		992821A82BC0AA8600B592F7 /* ProfileView.swift in Sources */ = {isa = PBXBuildFile; fileRef = 992821A72BC0AA8600B592F7 /* ProfileView.swift */; };
		99DDFF422BD595F600B64BA5 /* PlayerContractSheetView.swift in Sources */ = {isa = PBXBuildFile; fileRef = 99DDFF412BD595F600B64BA5 /* PlayerContractSheetView.swift */; };
		CE101CD72BA771AE00218E40 /* ContractCard.swift in Sources */ = {isa = PBXBuildFile; fileRef = CE101CD62BA771AE00218E40 /* ContractCard.swift */; };
		CE101CD92BA771B800218E40 /* PackCard.swift in Sources */ = {isa = PBXBuildFile; fileRef = CE101CD82BA771B800218E40 /* PackCard.swift */; };
		CE101CDB2BA7747900218E40 /* ColorHex.swift in Sources */ = {isa = PBXBuildFile; fileRef = CE101CDA2BA7747900218E40 /* ColorHex.swift */; };
		CE101CE12BA7C41600218E40 /* ContractModel.swift in Sources */ = {isa = PBXBuildFile; fileRef = CE101CE02BA7C41600218E40 /* ContractModel.swift */; };
		CE101CE32BA7C41F00218E40 /* PackModel.swift in Sources */ = {isa = PBXBuildFile; fileRef = CE101CE22BA7C41F00218E40 /* PackModel.swift */; };
		CE101CE52BA7CE3800218E40 /* Dates.swift in Sources */ = {isa = PBXBuildFile; fileRef = CE101CE42BA7CE3800218E40 /* Dates.swift */; };
		CE101CE72BA7DB5E00218E40 /* PlayerModel.swift in Sources */ = {isa = PBXBuildFile; fileRef = CE101CE62BA7DB5E00218E40 /* PlayerModel.swift */; };
		CE101CEA2BA7EB9E00218E40 /* MarketplaceView.swift in Sources */ = {isa = PBXBuildFile; fileRef = CE101CE92BA7EB9E00218E40 /* MarketplaceView.swift */; };
		CE17E25F2BCC672400114E35 /* PlayerDataModel.swift in Sources */ = {isa = PBXBuildFile; fileRef = CE17E25E2BCC672400114E35 /* PlayerDataModel.swift */; };
		CE17E2612BCC6BF700114E35 /* PlayerAveragesModel.swift in Sources */ = {isa = PBXBuildFile; fileRef = CE17E2602BCC6BF700114E35 /* PlayerAveragesModel.swift */; };
		D0155A832B950FF6003FE6BC /* ContentView.swift in Sources */ = {isa = PBXBuildFile; fileRef = D0155A822B950FF6003FE6BC /* ContentView.swift */; };
		D0155A852B950FF7003FE6BC /* Assets.xcassets in Resources */ = {isa = PBXBuildFile; fileRef = D0155A842B950FF7003FE6BC /* Assets.xcassets */; };
		D0155A882B950FF7003FE6BC /* Preview Assets.xcassets in Resources */ = {isa = PBXBuildFile; fileRef = D0155A872B950FF7003FE6BC /* Preview Assets.xcassets */; };
		D0155AAC2B9526A8003FE6BC /* HomeView.swift in Sources */ = {isa = PBXBuildFile; fileRef = D0155AAB2B9526A8003FE6BC /* HomeView.swift */; };
		D047C6292BD6E50B007F6103 /* UserModel.swift in Sources */ = {isa = PBXBuildFile; fileRef = D047C6282BD6E50B007F6103 /* UserModel.swift */; };
		D047C62C2BD6E549007F6103 /* TransactionModel.swift in Sources */ = {isa = PBXBuildFile; fileRef = D047C62B2BD6E549007F6103 /* TransactionModel.swift */; };
		D047C62E2BD6E64B007F6103 /* UserDefaultKeys.swift in Sources */ = {isa = PBXBuildFile; fileRef = D047C62D2BD6E64B007F6103 /* UserDefaultKeys.swift */; };
		D047C6312BD6E9DA007F6103 /* AlamofireImage in Frameworks */ = {isa = PBXBuildFile; productRef = D047C6302BD6E9DA007F6103 /* AlamofireImage */; };
		D04FB8742BCE07F20058F732 /* PlayerChestView.swift in Sources */ = {isa = PBXBuildFile; fileRef = D04FB8732BCE07F20058F732 /* PlayerChestView.swift */; };
		D04FB8762BCECBEE0058F732 /* ChestModel.swift in Sources */ = {isa = PBXBuildFile; fileRef = D04FB8752BCECBEE0058F732 /* ChestModel.swift */; };
		D057FD852BA76F8600EF552D /* Constants.swift in Sources */ = {isa = PBXBuildFile; fileRef = D057FD842BA76F8600EF552D /* Constants.swift */; };
		D057FD872BA77DE500EF552D /* TabBar.swift in Sources */ = {isa = PBXBuildFile; fileRef = D057FD862BA77DE500EF552D /* TabBar.swift */; };
		D073637A2BD32AE400F4CCA5 /* PlayerChestSheetView.swift in Sources */ = {isa = PBXBuildFile; fileRef = D07363792BD32AE400F4CCA5 /* PlayerChestSheetView.swift */; };
		D073637D2BD4363C00F4CCA5 /* SheetView.swift in Sources */ = {isa = PBXBuildFile; fileRef = D073637C2BD4363B00F4CCA5 /* SheetView.swift */; };
		D0C8580F2BD766BA008AE190 /* RarityChestView.swift in Sources */ = {isa = PBXBuildFile; fileRef = D0C8580E2BD766BA008AE190 /* RarityChestView.swift */; };
		D0CD317F2BD5964F00E7136C /* PillSelectView.swift in Sources */ = {isa = PBXBuildFile; fileRef = D0CD317E2BD5964F00E7136C /* PillSelectView.swift */; };
		D0CD31822BD5A2F500E7136C /* NetworkManager.swift in Sources */ = {isa = PBXBuildFile; fileRef = D0CD31812BD5A2F500E7136C /* NetworkManager.swift */; };
		D0CD31852BD5A3EC00E7136C /* Alamofire in Frameworks */ = {isa = PBXBuildFile; productRef = D0CD31842BD5A3EC00E7136C /* Alamofire */; };
		D0CD31872BD5A3EC00E7136C /* AlamofireDynamic in Frameworks */ = {isa = PBXBuildFile; productRef = D0CD31862BD5A3EC00E7136C /* AlamofireDynamic */; };
/* End PBXBuildFile section */

/* Begin PBXContainerItemProxy section */
		D0155A8E2B950FF7003FE6BC /* PBXContainerItemProxy */ = {
			isa = PBXContainerItemProxy;
			containerPortal = D0155A752B950FF6003FE6BC /* Project object */;
			proxyType = 1;
			remoteGlobalIDString = D0155A7C2B950FF6003FE6BC;
			remoteInfo = "All In";
		};
		D0155A982B950FF7003FE6BC /* PBXContainerItemProxy */ = {
			isa = PBXContainerItemProxy;
			containerPortal = D0155A752B950FF6003FE6BC /* Project object */;
			proxyType = 1;
			remoteGlobalIDString = D0155A7C2B950FF6003FE6BC;
			remoteInfo = "All In";
		};
/* End PBXContainerItemProxy section */

/* Begin PBXFileReference section */
		9928219F2BC0931200B592F7 /* AllInApp.swift */ = {isa = PBXFileReference; fileEncoding = 4; lastKnownFileType = sourcecode.swift; name = AllInApp.swift; path = "All In/AllInApp.swift"; sourceTree = SOURCE_ROOT; };
		992821A12BC0932300B592F7 /* AllInTests.swift */ = {isa = PBXFileReference; fileEncoding = 4; lastKnownFileType = sourcecode.swift; path = AllInTests.swift; sourceTree = "<group>"; };
		992821A32BC0932800B592F7 /* AllInUITestsLaunchTests.swift */ = {isa = PBXFileReference; fileEncoding = 4; lastKnownFileType = sourcecode.swift; path = AllInUITestsLaunchTests.swift; sourceTree = "<group>"; };
		992821A42BC0932800B592F7 /* AllInUITests.swift */ = {isa = PBXFileReference; fileEncoding = 4; lastKnownFileType = sourcecode.swift; path = AllInUITests.swift; sourceTree = "<group>"; };
		992821A72BC0AA8600B592F7 /* ProfileView.swift */ = {isa = PBXFileReference; lastKnownFileType = sourcecode.swift; path = ProfileView.swift; sourceTree = "<group>"; };
		99DDFF412BD595F600B64BA5 /* PlayerContractSheetView.swift */ = {isa = PBXFileReference; lastKnownFileType = sourcecode.swift; path = PlayerContractSheetView.swift; sourceTree = "<group>"; };
		CE101CD62BA771AE00218E40 /* ContractCard.swift */ = {isa = PBXFileReference; lastKnownFileType = sourcecode.swift; path = ContractCard.swift; sourceTree = "<group>"; };
		CE101CD82BA771B800218E40 /* PackCard.swift */ = {isa = PBXFileReference; lastKnownFileType = sourcecode.swift; path = PackCard.swift; sourceTree = "<group>"; };
		CE101CDA2BA7747900218E40 /* ColorHex.swift */ = {isa = PBXFileReference; lastKnownFileType = sourcecode.swift; path = ColorHex.swift; sourceTree = "<group>"; };
		CE101CE02BA7C41600218E40 /* ContractModel.swift */ = {isa = PBXFileReference; lastKnownFileType = sourcecode.swift; path = ContractModel.swift; sourceTree = "<group>"; };
		CE101CE22BA7C41F00218E40 /* PackModel.swift */ = {isa = PBXFileReference; lastKnownFileType = sourcecode.swift; path = PackModel.swift; sourceTree = "<group>"; };
		CE101CE42BA7CE3800218E40 /* Dates.swift */ = {isa = PBXFileReference; lastKnownFileType = sourcecode.swift; path = Dates.swift; sourceTree = "<group>"; };
		CE101CE62BA7DB5E00218E40 /* PlayerModel.swift */ = {isa = PBXFileReference; lastKnownFileType = sourcecode.swift; path = PlayerModel.swift; sourceTree = "<group>"; };
		CE101CE92BA7EB9E00218E40 /* MarketplaceView.swift */ = {isa = PBXFileReference; lastKnownFileType = sourcecode.swift; path = MarketplaceView.swift; sourceTree = "<group>"; };
		CE17E25E2BCC672400114E35 /* PlayerDataModel.swift */ = {isa = PBXFileReference; lastKnownFileType = sourcecode.swift; path = PlayerDataModel.swift; sourceTree = "<group>"; };
		CE17E2602BCC6BF700114E35 /* PlayerAveragesModel.swift */ = {isa = PBXFileReference; lastKnownFileType = sourcecode.swift; path = PlayerAveragesModel.swift; sourceTree = "<group>"; };
		D0155A7D2B950FF6003FE6BC /* All In.app */ = {isa = PBXFileReference; explicitFileType = wrapper.application; includeInIndex = 0; path = "All In.app"; sourceTree = BUILT_PRODUCTS_DIR; };
		D0155A822B950FF6003FE6BC /* ContentView.swift */ = {isa = PBXFileReference; lastKnownFileType = sourcecode.swift; path = ContentView.swift; sourceTree = "<group>"; };
		D0155A842B950FF7003FE6BC /* Assets.xcassets */ = {isa = PBXFileReference; lastKnownFileType = folder.assetcatalog; path = Assets.xcassets; sourceTree = "<group>"; };
		D0155A872B950FF7003FE6BC /* Preview Assets.xcassets */ = {isa = PBXFileReference; lastKnownFileType = folder.assetcatalog; path = "Preview Assets.xcassets"; sourceTree = "<group>"; };
		D0155A8D2B950FF7003FE6BC /* All InTests.xctest */ = {isa = PBXFileReference; explicitFileType = wrapper.cfbundle; includeInIndex = 0; path = "All InTests.xctest"; sourceTree = BUILT_PRODUCTS_DIR; };
		D0155A972B950FF7003FE6BC /* All InUITests.xctest */ = {isa = PBXFileReference; explicitFileType = wrapper.cfbundle; includeInIndex = 0; path = "All InUITests.xctest"; sourceTree = BUILT_PRODUCTS_DIR; };
		D0155AAB2B9526A8003FE6BC /* HomeView.swift */ = {isa = PBXFileReference; lastKnownFileType = sourcecode.swift; path = HomeView.swift; sourceTree = "<group>"; };
		D047C6282BD6E50B007F6103 /* UserModel.swift */ = {isa = PBXFileReference; lastKnownFileType = sourcecode.swift; path = UserModel.swift; sourceTree = "<group>"; };
		D047C62B2BD6E549007F6103 /* TransactionModel.swift */ = {isa = PBXFileReference; lastKnownFileType = sourcecode.swift; path = TransactionModel.swift; sourceTree = "<group>"; };
		D047C62D2BD6E64B007F6103 /* UserDefaultKeys.swift */ = {isa = PBXFileReference; lastKnownFileType = sourcecode.swift; path = UserDefaultKeys.swift; sourceTree = "<group>"; };
		D04FB8732BCE07F20058F732 /* PlayerChestView.swift */ = {isa = PBXFileReference; lastKnownFileType = sourcecode.swift; path = PlayerChestView.swift; sourceTree = "<group>"; };
		D04FB8752BCECBEE0058F732 /* ChestModel.swift */ = {isa = PBXFileReference; lastKnownFileType = sourcecode.swift; path = ChestModel.swift; sourceTree = "<group>"; };
		D057FD842BA76F8600EF552D /* Constants.swift */ = {isa = PBXFileReference; lastKnownFileType = sourcecode.swift; path = Constants.swift; sourceTree = "<group>"; };
		D057FD862BA77DE500EF552D /* TabBar.swift */ = {isa = PBXFileReference; lastKnownFileType = sourcecode.swift; path = TabBar.swift; sourceTree = "<group>"; };
		D07363792BD32AE400F4CCA5 /* PlayerChestSheetView.swift */ = {isa = PBXFileReference; lastKnownFileType = sourcecode.swift; path = PlayerChestSheetView.swift; sourceTree = "<group>"; };
		D073637C2BD4363B00F4CCA5 /* SheetView.swift */ = {isa = PBXFileReference; lastKnownFileType = sourcecode.swift; path = SheetView.swift; sourceTree = "<group>"; };
		D0C8580E2BD766BA008AE190 /* RarityChestView.swift */ = {isa = PBXFileReference; lastKnownFileType = sourcecode.swift; path = RarityChestView.swift; sourceTree = "<group>"; };
		D0CD317E2BD5964F00E7136C /* PillSelectView.swift */ = {isa = PBXFileReference; lastKnownFileType = sourcecode.swift; path = PillSelectView.swift; sourceTree = "<group>"; };
		D0CD31812BD5A2F500E7136C /* NetworkManager.swift */ = {isa = PBXFileReference; lastKnownFileType = sourcecode.swift; path = NetworkManager.swift; sourceTree = "<group>"; };
/* End PBXFileReference section */

/* Begin PBXFrameworksBuildPhase section */
		D0155A7A2B950FF6003FE6BC /* Frameworks */ = {
			isa = PBXFrameworksBuildPhase;
			buildActionMask = 2147483647;
			files = (
				D0CD31852BD5A3EC00E7136C /* Alamofire in Frameworks */,
				D0CD31872BD5A3EC00E7136C /* AlamofireDynamic in Frameworks */,
				D047C6312BD6E9DA007F6103 /* AlamofireImage in Frameworks */,
			);
			runOnlyForDeploymentPostprocessing = 0;
		};
		D0155A8A2B950FF7003FE6BC /* Frameworks */ = {
			isa = PBXFrameworksBuildPhase;
			buildActionMask = 2147483647;
			files = (
			);
			runOnlyForDeploymentPostprocessing = 0;
		};
		D0155A942B950FF7003FE6BC /* Frameworks */ = {
			isa = PBXFrameworksBuildPhase;
			buildActionMask = 2147483647;
			files = (
			);
			runOnlyForDeploymentPostprocessing = 0;
		};
/* End PBXFrameworksBuildPhase section */

/* Begin PBXGroup section */
		CE101CD52BA7719B00218E40 /* Supporting */ = {
			isa = PBXGroup;
			children = (
				D073637B2BD4362F00F4CCA5 /* Sheets */,
				D057FD862BA77DE500EF552D /* TabBar.swift */,
				D0CD317E2BD5964F00E7136C /* PillSelectView.swift */,
			);
			path = Supporting;
			sourceTree = "<group>";
		};
		CE101CDC2BA776ED00218E40 /* Assets */ = {
			isa = PBXGroup;
			children = (
				D0155A842B950FF7003FE6BC /* Assets.xcassets */,
			);
			path = Assets;
			sourceTree = "<group>";
		};
		CE101CDF2BA7C40900218E40 /* Models */ = {
			isa = PBXGroup;
			children = (
				D047C62A2BD6E512007F6103 /* Player */,
				CE101CE02BA7C41600218E40 /* ContractModel.swift */,
				CE101CE22BA7C41F00218E40 /* PackModel.swift */,
				D04FB8752BCECBEE0058F732 /* ChestModel.swift */,
				D047C6282BD6E50B007F6103 /* UserModel.swift */,
				D047C62B2BD6E549007F6103 /* TransactionModel.swift */,
			);
			path = Models;
			sourceTree = "<group>";
		};
		CE101CE82BA7E7B600218E40 /* Cells */ = {
			isa = PBXGroup;
			children = (
				CE101CD62BA771AE00218E40 /* ContractCard.swift */,
				CE101CD82BA771B800218E40 /* PackCard.swift */,
				D04FB8732BCE07F20058F732 /* PlayerChestView.swift */,
				D0C8580E2BD766BA008AE190 /* RarityChestView.swift */,
			);
			path = Cells;
			sourceTree = "<group>";
		};
		D0155A742B950FF6003FE6BC = {
			isa = PBXGroup;
			children = (
				D0155A7F2B950FF6003FE6BC /* All In */,
				D0155A902B950FF7003FE6BC /* All InTests */,
				D0155A9A2B950FF7003FE6BC /* All InUITests */,
				D0155A7E2B950FF6003FE6BC /* Products */,
			);
			sourceTree = "<group>";
		};
		D0155A7E2B950FF6003FE6BC /* Products */ = {
			isa = PBXGroup;
			children = (
				D0155A7D2B950FF6003FE6BC /* All In.app */,
				D0155A8D2B950FF7003FE6BC /* All InTests.xctest */,
				D0155A972B950FF7003FE6BC /* All InUITests.xctest */,
			);
			name = Products;
			sourceTree = "<group>";
		};
		D0155A7F2B950FF6003FE6BC /* All In */ = {
			isa = PBXGroup;
			children = (
				D0CD31802BD5A2EB00E7136C /* Networking */,
				CE101CDF2BA7C40900218E40 /* Models */,
				CE101CDC2BA776ED00218E40 /* Assets */,
				D057FD832BA76F7B00EF552D /* Utils */,
				D0155AAA2B952697003FE6BC /* Views */,
				9928219F2BC0931200B592F7 /* AllInApp.swift */,
				D0155A822B950FF6003FE6BC /* ContentView.swift */,
				D0155A862B950FF7003FE6BC /* Preview Content */,
			);
			path = "All In";
			sourceTree = "<group>";
		};
		D0155A862B950FF7003FE6BC /* Preview Content */ = {
			isa = PBXGroup;
			children = (
				D0155A872B950FF7003FE6BC /* Preview Assets.xcassets */,
			);
			path = "Preview Content";
			sourceTree = "<group>";
		};
		D0155A902B950FF7003FE6BC /* All InTests */ = {
			isa = PBXGroup;
			children = (
				992821A12BC0932300B592F7 /* AllInTests.swift */,
			);
			path = "All InTests";
			sourceTree = "<group>";
		};
		D0155A9A2B950FF7003FE6BC /* All InUITests */ = {
			isa = PBXGroup;
			children = (
				992821A42BC0932800B592F7 /* AllInUITests.swift */,
				992821A32BC0932800B592F7 /* AllInUITestsLaunchTests.swift */,
			);
			path = "All InUITests";
			sourceTree = "<group>";
		};
		D0155AAA2B952697003FE6BC /* Views */ = {
			isa = PBXGroup;
			children = (
				CE101CE82BA7E7B600218E40 /* Cells */,
				CE101CD52BA7719B00218E40 /* Supporting */,
				D0155AAB2B9526A8003FE6BC /* HomeView.swift */,
				992821A72BC0AA8600B592F7 /* ProfileView.swift */,
				CE101CE92BA7EB9E00218E40 /* MarketplaceView.swift */,
			);
			path = Views;
			sourceTree = "<group>";
		};
		D047C62A2BD6E512007F6103 /* Player */ = {
			isa = PBXGroup;
			children = (
				CE101CE62BA7DB5E00218E40 /* PlayerModel.swift */,
				CE17E25E2BCC672400114E35 /* PlayerDataModel.swift */,
				CE17E2602BCC6BF700114E35 /* PlayerAveragesModel.swift */,
			);
			path = Player;
			sourceTree = "<group>";
		};
		D057FD832BA76F7B00EF552D /* Utils */ = {
			isa = PBXGroup;
			children = (
				D057FD842BA76F8600EF552D /* Constants.swift */,
				CE101CDA2BA7747900218E40 /* ColorHex.swift */,
				CE101CE42BA7CE3800218E40 /* Dates.swift */,
				D047C62D2BD6E64B007F6103 /* UserDefaultKeys.swift */,
			);
			path = Utils;
			sourceTree = "<group>";
		};
		D073637B2BD4362F00F4CCA5 /* Sheets */ = {
			isa = PBXGroup;
			children = (
				D07363792BD32AE400F4CCA5 /* PlayerChestSheetView.swift */,
				D073637C2BD4363B00F4CCA5 /* SheetView.swift */,
				99DDFF412BD595F600B64BA5 /* PlayerContractSheetView.swift */,
			);
			path = Sheets;
			sourceTree = "<group>";
		};
		D0CD31802BD5A2EB00E7136C /* Networking */ = {
			isa = PBXGroup;
			children = (
				D0CD31812BD5A2F500E7136C /* NetworkManager.swift */,
			);
			path = Networking;
			sourceTree = "<group>";
		};
/* End PBXGroup section */

/* Begin PBXNativeTarget section */
		D0155A7C2B950FF6003FE6BC /* All In */ = {
			isa = PBXNativeTarget;
			buildConfigurationList = D0155AA12B950FF7003FE6BC /* Build configuration list for PBXNativeTarget "All In" */;
			buildPhases = (
				D0155A792B950FF6003FE6BC /* Sources */,
				D0155A7A2B950FF6003FE6BC /* Frameworks */,
				D0155A7B2B950FF6003FE6BC /* Resources */,
			);
			buildRules = (
			);
			dependencies = (
			);
			name = "All In";
			packageProductDependencies = (
				D0CD31842BD5A3EC00E7136C /* Alamofire */,
				D0CD31862BD5A3EC00E7136C /* AlamofireDynamic */,
				D047C6302BD6E9DA007F6103 /* AlamofireImage */,
			);
			productName = "All In";
			productReference = D0155A7D2B950FF6003FE6BC /* All In.app */;
			productType = "com.apple.product-type.application";
		};
		D0155A8C2B950FF7003FE6BC /* All InTests */ = {
			isa = PBXNativeTarget;
			buildConfigurationList = D0155AA42B950FF7003FE6BC /* Build configuration list for PBXNativeTarget "All InTests" */;
			buildPhases = (
				D0155A892B950FF7003FE6BC /* Sources */,
				D0155A8A2B950FF7003FE6BC /* Frameworks */,
				D0155A8B2B950FF7003FE6BC /* Resources */,
			);
			buildRules = (
			);
			dependencies = (
				D0155A8F2B950FF7003FE6BC /* PBXTargetDependency */,
			);
			name = "All InTests";
			productName = "All InTests";
			productReference = D0155A8D2B950FF7003FE6BC /* All InTests.xctest */;
			productType = "com.apple.product-type.bundle.unit-test";
		};
		D0155A962B950FF7003FE6BC /* All InUITests */ = {
			isa = PBXNativeTarget;
			buildConfigurationList = D0155AA72B950FF7003FE6BC /* Build configuration list for PBXNativeTarget "All InUITests" */;
			buildPhases = (
				D0155A932B950FF7003FE6BC /* Sources */,
				D0155A942B950FF7003FE6BC /* Frameworks */,
				D0155A952B950FF7003FE6BC /* Resources */,
			);
			buildRules = (
			);
			dependencies = (
				D0155A992B950FF7003FE6BC /* PBXTargetDependency */,
			);
			name = "All InUITests";
			productName = "All InUITests";
			productReference = D0155A972B950FF7003FE6BC /* All InUITests.xctest */;
			productType = "com.apple.product-type.bundle.ui-testing";
		};
/* End PBXNativeTarget section */

/* Begin PBXProject section */
		D0155A752B950FF6003FE6BC /* Project object */ = {
			isa = PBXProject;
			attributes = {
				BuildIndependentTargetsInParallel = 1;
				LastSwiftUpdateCheck = 1520;
				LastUpgradeCheck = 1520;
				TargetAttributes = {
					D0155A7C2B950FF6003FE6BC = {
						CreatedOnToolsVersion = 15.2;
					};
					D0155A8C2B950FF7003FE6BC = {
						CreatedOnToolsVersion = 15.2;
						TestTargetID = D0155A7C2B950FF6003FE6BC;
					};
					D0155A962B950FF7003FE6BC = {
						CreatedOnToolsVersion = 15.2;
						TestTargetID = D0155A7C2B950FF6003FE6BC;
					};
				};
			};
			buildConfigurationList = D0155A782B950FF6003FE6BC /* Build configuration list for PBXProject "All In" */;
			compatibilityVersion = "Xcode 14.0";
			developmentRegion = en;
			hasScannedForEncodings = 0;
			knownRegions = (
				en,
				Base,
			);
			mainGroup = D0155A742B950FF6003FE6BC;
			packageReferences = (
				D0CD31832BD5A3EC00E7136C /* XCRemoteSwiftPackageReference "Alamofire" */,
				D047C62F2BD6E9DA007F6103 /* XCRemoteSwiftPackageReference "AlamofireImage" */,
			);
			productRefGroup = D0155A7E2B950FF6003FE6BC /* Products */;
			projectDirPath = "";
			projectRoot = "";
			targets = (
				D0155A7C2B950FF6003FE6BC /* All In */,
				D0155A8C2B950FF7003FE6BC /* All InTests */,
				D0155A962B950FF7003FE6BC /* All InUITests */,
			);
		};
/* End PBXProject section */

/* Begin PBXResourcesBuildPhase section */
		D0155A7B2B950FF6003FE6BC /* Resources */ = {
			isa = PBXResourcesBuildPhase;
			buildActionMask = 2147483647;
			files = (
				D0155A882B950FF7003FE6BC /* Preview Assets.xcassets in Resources */,
				D0155A852B950FF7003FE6BC /* Assets.xcassets in Resources */,
			);
			runOnlyForDeploymentPostprocessing = 0;
		};
		D0155A8B2B950FF7003FE6BC /* Resources */ = {
			isa = PBXResourcesBuildPhase;
			buildActionMask = 2147483647;
			files = (
			);
			runOnlyForDeploymentPostprocessing = 0;
		};
		D0155A952B950FF7003FE6BC /* Resources */ = {
			isa = PBXResourcesBuildPhase;
			buildActionMask = 2147483647;
			files = (
			);
			runOnlyForDeploymentPostprocessing = 0;
		};
/* End PBXResourcesBuildPhase section */

/* Begin PBXSourcesBuildPhase section */
		D0155A792B950FF6003FE6BC /* Sources */ = {
			isa = PBXSourcesBuildPhase;
			buildActionMask = 2147483647;
			files = (
				D0CD31822BD5A2F500E7136C /* NetworkManager.swift in Sources */,
				D0155AAC2B9526A8003FE6BC /* HomeView.swift in Sources */,
				D04FB8742BCE07F20058F732 /* PlayerChestView.swift in Sources */,
				D0155A832B950FF6003FE6BC /* ContentView.swift in Sources */,
				D04FB8762BCECBEE0058F732 /* ChestModel.swift in Sources */,
				CE101CE52BA7CE3800218E40 /* Dates.swift in Sources */,
				CE101CE12BA7C41600218E40 /* ContractModel.swift in Sources */,
				CE17E25F2BCC672400114E35 /* PlayerDataModel.swift in Sources */,
				D073637A2BD32AE400F4CCA5 /* PlayerChestSheetView.swift in Sources */,
				D0C8580F2BD766BA008AE190 /* RarityChestView.swift in Sources */,
				CE101CD92BA771B800218E40 /* PackCard.swift in Sources */,
				D047C6292BD6E50B007F6103 /* UserModel.swift in Sources */,
				D057FD872BA77DE500EF552D /* TabBar.swift in Sources */,
				D0CD317F2BD5964F00E7136C /* PillSelectView.swift in Sources */,
				CE101CE72BA7DB5E00218E40 /* PlayerModel.swift in Sources */,
				992821A02BC0931200B592F7 /* AllInApp.swift in Sources */,
				CE101CD72BA771AE00218E40 /* ContractCard.swift in Sources */,
				D047C62E2BD6E64B007F6103 /* UserDefaultKeys.swift in Sources */,
				CE101CDB2BA7747900218E40 /* ColorHex.swift in Sources */,
				CE101CEA2BA7EB9E00218E40 /* MarketplaceView.swift in Sources */,
				99DDFF422BD595F600B64BA5 /* PlayerContractSheetView.swift in Sources */,
				D073637D2BD4363C00F4CCA5 /* SheetView.swift in Sources */,
				D047C62C2BD6E549007F6103 /* TransactionModel.swift in Sources */,
				CE101CE32BA7C41F00218E40 /* PackModel.swift in Sources */,
				CE17E2612BCC6BF700114E35 /* PlayerAveragesModel.swift in Sources */,
				992821A82BC0AA8600B592F7 /* ProfileView.swift in Sources */,
				D057FD852BA76F8600EF552D /* Constants.swift in Sources */,
			);
			runOnlyForDeploymentPostprocessing = 0;
		};
		D0155A892B950FF7003FE6BC /* Sources */ = {
			isa = PBXSourcesBuildPhase;
			buildActionMask = 2147483647;
			files = (
				992821A22BC0932300B592F7 /* AllInTests.swift in Sources */,
			);
			runOnlyForDeploymentPostprocessing = 0;
		};
		D0155A932B950FF7003FE6BC /* Sources */ = {
			isa = PBXSourcesBuildPhase;
			buildActionMask = 2147483647;
			files = (
				992821A52BC0932800B592F7 /* AllInUITestsLaunchTests.swift in Sources */,
				992821A62BC0932800B592F7 /* AllInUITests.swift in Sources */,
			);
			runOnlyForDeploymentPostprocessing = 0;
		};
/* End PBXSourcesBuildPhase section */

/* Begin PBXTargetDependency section */
		D0155A8F2B950FF7003FE6BC /* PBXTargetDependency */ = {
			isa = PBXTargetDependency;
			target = D0155A7C2B950FF6003FE6BC /* All In */;
			targetProxy = D0155A8E2B950FF7003FE6BC /* PBXContainerItemProxy */;
		};
		D0155A992B950FF7003FE6BC /* PBXTargetDependency */ = {
			isa = PBXTargetDependency;
			target = D0155A7C2B950FF6003FE6BC /* All In */;
			targetProxy = D0155A982B950FF7003FE6BC /* PBXContainerItemProxy */;
		};
/* End PBXTargetDependency section */

/* Begin XCBuildConfiguration section */
		D0155A9F2B950FF7003FE6BC /* Debug */ = {
			isa = XCBuildConfiguration;
			buildSettings = {
				ALWAYS_SEARCH_USER_PATHS = NO;
				ASSETCATALOG_COMPILER_GENERATE_SWIFT_ASSET_SYMBOL_EXTENSIONS = YES;
				CLANG_ANALYZER_NONNULL = YES;
				CLANG_ANALYZER_NUMBER_OBJECT_CONVERSION = YES_AGGRESSIVE;
				CLANG_CXX_LANGUAGE_STANDARD = "gnu++20";
				CLANG_ENABLE_MODULES = YES;
				CLANG_ENABLE_OBJC_ARC = YES;
				CLANG_ENABLE_OBJC_WEAK = YES;
				CLANG_WARN_BLOCK_CAPTURE_AUTORELEASING = YES;
				CLANG_WARN_BOOL_CONVERSION = YES;
				CLANG_WARN_COMMA = YES;
				CLANG_WARN_CONSTANT_CONVERSION = YES;
				CLANG_WARN_DEPRECATED_OBJC_IMPLEMENTATIONS = YES;
				CLANG_WARN_DIRECT_OBJC_ISA_USAGE = YES_ERROR;
				CLANG_WARN_DOCUMENTATION_COMMENTS = YES;
				CLANG_WARN_EMPTY_BODY = YES;
				CLANG_WARN_ENUM_CONVERSION = YES;
				CLANG_WARN_INFINITE_RECURSION = YES;
				CLANG_WARN_INT_CONVERSION = YES;
				CLANG_WARN_NON_LITERAL_NULL_CONVERSION = YES;
				CLANG_WARN_OBJC_IMPLICIT_RETAIN_SELF = YES;
				CLANG_WARN_OBJC_LITERAL_CONVERSION = YES;
				CLANG_WARN_OBJC_ROOT_CLASS = YES_ERROR;
				CLANG_WARN_QUOTED_INCLUDE_IN_FRAMEWORK_HEADER = YES;
				CLANG_WARN_RANGE_LOOP_ANALYSIS = YES;
				CLANG_WARN_STRICT_PROTOTYPES = YES;
				CLANG_WARN_SUSPICIOUS_MOVE = YES;
				CLANG_WARN_UNGUARDED_AVAILABILITY = YES_AGGRESSIVE;
				CLANG_WARN_UNREACHABLE_CODE = YES;
				CLANG_WARN__DUPLICATE_METHOD_MATCH = YES;
				COPY_PHASE_STRIP = NO;
				DEBUG_INFORMATION_FORMAT = dwarf;
				ENABLE_STRICT_OBJC_MSGSEND = YES;
				ENABLE_TESTABILITY = YES;
				ENABLE_USER_SCRIPT_SANDBOXING = YES;
				GCC_C_LANGUAGE_STANDARD = gnu17;
				GCC_DYNAMIC_NO_PIC = NO;
				GCC_NO_COMMON_BLOCKS = YES;
				GCC_OPTIMIZATION_LEVEL = 0;
				GCC_PREPROCESSOR_DEFINITIONS = (
					"DEBUG=1",
					"$(inherited)",
				);
				GCC_WARN_64_TO_32_BIT_CONVERSION = YES;
				GCC_WARN_ABOUT_RETURN_TYPE = YES_ERROR;
				GCC_WARN_UNDECLARED_SELECTOR = YES;
				GCC_WARN_UNINITIALIZED_AUTOS = YES_AGGRESSIVE;
				GCC_WARN_UNUSED_FUNCTION = YES;
				GCC_WARN_UNUSED_VARIABLE = YES;
				IPHONEOS_DEPLOYMENT_TARGET = 17.2;
				LOCALIZATION_PREFERS_STRING_CATALOGS = YES;
				MTL_ENABLE_DEBUG_INFO = INCLUDE_SOURCE;
				MTL_FAST_MATH = YES;
				ONLY_ACTIVE_ARCH = YES;
				SDKROOT = iphoneos;
				SWIFT_ACTIVE_COMPILATION_CONDITIONS = "DEBUG $(inherited)";
				SWIFT_OPTIMIZATION_LEVEL = "-Onone";
			};
			name = Debug;
		};
		D0155AA02B950FF7003FE6BC /* Release */ = {
			isa = XCBuildConfiguration;
			buildSettings = {
				ALWAYS_SEARCH_USER_PATHS = NO;
				ASSETCATALOG_COMPILER_GENERATE_SWIFT_ASSET_SYMBOL_EXTENSIONS = YES;
				CLANG_ANALYZER_NONNULL = YES;
				CLANG_ANALYZER_NUMBER_OBJECT_CONVERSION = YES_AGGRESSIVE;
				CLANG_CXX_LANGUAGE_STANDARD = "gnu++20";
				CLANG_ENABLE_MODULES = YES;
				CLANG_ENABLE_OBJC_ARC = YES;
				CLANG_ENABLE_OBJC_WEAK = YES;
				CLANG_WARN_BLOCK_CAPTURE_AUTORELEASING = YES;
				CLANG_WARN_BOOL_CONVERSION = YES;
				CLANG_WARN_COMMA = YES;
				CLANG_WARN_CONSTANT_CONVERSION = YES;
				CLANG_WARN_DEPRECATED_OBJC_IMPLEMENTATIONS = YES;
				CLANG_WARN_DIRECT_OBJC_ISA_USAGE = YES_ERROR;
				CLANG_WARN_DOCUMENTATION_COMMENTS = YES;
				CLANG_WARN_EMPTY_BODY = YES;
				CLANG_WARN_ENUM_CONVERSION = YES;
				CLANG_WARN_INFINITE_RECURSION = YES;
				CLANG_WARN_INT_CONVERSION = YES;
				CLANG_WARN_NON_LITERAL_NULL_CONVERSION = YES;
				CLANG_WARN_OBJC_IMPLICIT_RETAIN_SELF = YES;
				CLANG_WARN_OBJC_LITERAL_CONVERSION = YES;
				CLANG_WARN_OBJC_ROOT_CLASS = YES_ERROR;
				CLANG_WARN_QUOTED_INCLUDE_IN_FRAMEWORK_HEADER = YES;
				CLANG_WARN_RANGE_LOOP_ANALYSIS = YES;
				CLANG_WARN_STRICT_PROTOTYPES = YES;
				CLANG_WARN_SUSPICIOUS_MOVE = YES;
				CLANG_WARN_UNGUARDED_AVAILABILITY = YES_AGGRESSIVE;
				CLANG_WARN_UNREACHABLE_CODE = YES;
				CLANG_WARN__DUPLICATE_METHOD_MATCH = YES;
				COPY_PHASE_STRIP = NO;
				DEBUG_INFORMATION_FORMAT = "dwarf-with-dsym";
				ENABLE_NS_ASSERTIONS = NO;
				ENABLE_STRICT_OBJC_MSGSEND = YES;
				ENABLE_USER_SCRIPT_SANDBOXING = YES;
				GCC_C_LANGUAGE_STANDARD = gnu17;
				GCC_NO_COMMON_BLOCKS = YES;
				GCC_WARN_64_TO_32_BIT_CONVERSION = YES;
				GCC_WARN_ABOUT_RETURN_TYPE = YES_ERROR;
				GCC_WARN_UNDECLARED_SELECTOR = YES;
				GCC_WARN_UNINITIALIZED_AUTOS = YES_AGGRESSIVE;
				GCC_WARN_UNUSED_FUNCTION = YES;
				GCC_WARN_UNUSED_VARIABLE = YES;
				IPHONEOS_DEPLOYMENT_TARGET = 17.2;
				LOCALIZATION_PREFERS_STRING_CATALOGS = YES;
				MTL_ENABLE_DEBUG_INFO = NO;
				MTL_FAST_MATH = YES;
				SDKROOT = iphoneos;
				SWIFT_COMPILATION_MODE = wholemodule;
				VALIDATE_PRODUCT = YES;
			};
			name = Release;
		};
		D0155AA22B950FF7003FE6BC /* Debug */ = {
			isa = XCBuildConfiguration;
			buildSettings = {
				ASSETCATALOG_COMPILER_APPICON_NAME = AppIcon;
				ASSETCATALOG_COMPILER_GLOBAL_ACCENT_COLOR_NAME = AccentColor;
				CODE_SIGN_STYLE = Automatic;
				CURRENT_PROJECT_VERSION = 1;
				DEVELOPMENT_ASSET_PATHS = "\"All In/Preview Content\"";
				ENABLE_PREVIEWS = YES;
				GENERATE_INFOPLIST_FILE = YES;
				INFOPLIST_KEY_UIApplicationSceneManifest_Generation = YES;
				INFOPLIST_KEY_UIApplicationSupportsIndirectInputEvents = YES;
				INFOPLIST_KEY_UILaunchScreen_Generation = YES;
				INFOPLIST_KEY_UISupportedInterfaceOrientations_iPad = "UIInterfaceOrientationPortrait UIInterfaceOrientationPortraitUpsideDown UIInterfaceOrientationLandscapeLeft UIInterfaceOrientationLandscapeRight";
				INFOPLIST_KEY_UISupportedInterfaceOrientations_iPhone = "UIInterfaceOrientationPortrait UIInterfaceOrientationLandscapeLeft UIInterfaceOrientationLandscapeRight";
				LD_RUNPATH_SEARCH_PATHS = (
					"$(inherited)",
					"@executable_path/Frameworks",
				);
				MARKETING_VERSION = 1.0;
				PRODUCT_BUNDLE_IDENTIFIER = "org.cuappdev.All-In";
				PRODUCT_NAME = "$(TARGET_NAME)";
				SWIFT_EMIT_LOC_STRINGS = YES;
				SWIFT_VERSION = 5.0;
				TARGETED_DEVICE_FAMILY = "1,2";
			};
			name = Debug;
		};
		D0155AA32B950FF7003FE6BC /* Release */ = {
			isa = XCBuildConfiguration;
			buildSettings = {
				ASSETCATALOG_COMPILER_APPICON_NAME = AppIcon;
				ASSETCATALOG_COMPILER_GLOBAL_ACCENT_COLOR_NAME = AccentColor;
				CODE_SIGN_STYLE = Automatic;
				CURRENT_PROJECT_VERSION = 1;
				DEVELOPMENT_ASSET_PATHS = "\"All In/Preview Content\"";
				ENABLE_PREVIEWS = YES;
				GENERATE_INFOPLIST_FILE = YES;
				INFOPLIST_KEY_UIApplicationSceneManifest_Generation = YES;
				INFOPLIST_KEY_UIApplicationSupportsIndirectInputEvents = YES;
				INFOPLIST_KEY_UILaunchScreen_Generation = YES;
				INFOPLIST_KEY_UISupportedInterfaceOrientations_iPad = "UIInterfaceOrientationPortrait UIInterfaceOrientationPortraitUpsideDown UIInterfaceOrientationLandscapeLeft UIInterfaceOrientationLandscapeRight";
				INFOPLIST_KEY_UISupportedInterfaceOrientations_iPhone = "UIInterfaceOrientationPortrait UIInterfaceOrientationLandscapeLeft UIInterfaceOrientationLandscapeRight";
				LD_RUNPATH_SEARCH_PATHS = (
					"$(inherited)",
					"@executable_path/Frameworks",
				);
				MARKETING_VERSION = 1.0;
				PRODUCT_BUNDLE_IDENTIFIER = "org.cuappdev.All-In";
				PRODUCT_NAME = "$(TARGET_NAME)";
				SWIFT_EMIT_LOC_STRINGS = YES;
				SWIFT_VERSION = 5.0;
				TARGETED_DEVICE_FAMILY = "1,2";
			};
			name = Release;
		};
		D0155AA52B950FF7003FE6BC /* Debug */ = {
			isa = XCBuildConfiguration;
			buildSettings = {
				ALWAYS_EMBED_SWIFT_STANDARD_LIBRARIES = YES;
				BUNDLE_LOADER = "$(TEST_HOST)";
				CODE_SIGN_STYLE = Automatic;
				CURRENT_PROJECT_VERSION = 1;
				GENERATE_INFOPLIST_FILE = YES;
				IPHONEOS_DEPLOYMENT_TARGET = 17.2;
				MARKETING_VERSION = 1.0;
				PRODUCT_BUNDLE_IDENTIFIER = "org.cuappdev.All-InTests";
				PRODUCT_NAME = "$(TARGET_NAME)";
				SWIFT_EMIT_LOC_STRINGS = NO;
				SWIFT_VERSION = 5.0;
				TARGETED_DEVICE_FAMILY = "1,2";
				TEST_HOST = "$(BUILT_PRODUCTS_DIR)/All In.app/$(BUNDLE_EXECUTABLE_FOLDER_PATH)/All In";
			};
			name = Debug;
		};
		D0155AA62B950FF7003FE6BC /* Release */ = {
			isa = XCBuildConfiguration;
			buildSettings = {
				ALWAYS_EMBED_SWIFT_STANDARD_LIBRARIES = YES;
				BUNDLE_LOADER = "$(TEST_HOST)";
				CODE_SIGN_STYLE = Automatic;
				CURRENT_PROJECT_VERSION = 1;
				GENERATE_INFOPLIST_FILE = YES;
				IPHONEOS_DEPLOYMENT_TARGET = 17.2;
				MARKETING_VERSION = 1.0;
				PRODUCT_BUNDLE_IDENTIFIER = "org.cuappdev.All-InTests";
				PRODUCT_NAME = "$(TARGET_NAME)";
				SWIFT_EMIT_LOC_STRINGS = NO;
				SWIFT_VERSION = 5.0;
				TARGETED_DEVICE_FAMILY = "1,2";
				TEST_HOST = "$(BUILT_PRODUCTS_DIR)/All In.app/$(BUNDLE_EXECUTABLE_FOLDER_PATH)/All In";
			};
			name = Release;
		};
		D0155AA82B950FF7003FE6BC /* Debug */ = {
			isa = XCBuildConfiguration;
			buildSettings = {
				ALWAYS_EMBED_SWIFT_STANDARD_LIBRARIES = YES;
				CODE_SIGN_STYLE = Automatic;
				CURRENT_PROJECT_VERSION = 1;
				GENERATE_INFOPLIST_FILE = YES;
				MARKETING_VERSION = 1.0;
				PRODUCT_BUNDLE_IDENTIFIER = "org.cuappdev.All-InUITests";
				PRODUCT_NAME = "$(TARGET_NAME)";
				SWIFT_EMIT_LOC_STRINGS = NO;
				SWIFT_VERSION = 5.0;
				TARGETED_DEVICE_FAMILY = "1,2";
				TEST_TARGET_NAME = "All In";
			};
			name = Debug;
		};
		D0155AA92B950FF7003FE6BC /* Release */ = {
			isa = XCBuildConfiguration;
			buildSettings = {
				ALWAYS_EMBED_SWIFT_STANDARD_LIBRARIES = YES;
				CODE_SIGN_STYLE = Automatic;
				CURRENT_PROJECT_VERSION = 1;
				GENERATE_INFOPLIST_FILE = YES;
				MARKETING_VERSION = 1.0;
				PRODUCT_BUNDLE_IDENTIFIER = "org.cuappdev.All-InUITests";
				PRODUCT_NAME = "$(TARGET_NAME)";
				SWIFT_EMIT_LOC_STRINGS = NO;
				SWIFT_VERSION = 5.0;
				TARGETED_DEVICE_FAMILY = "1,2";
				TEST_TARGET_NAME = "All In";
			};
			name = Release;
		};
/* End XCBuildConfiguration section */

/* Begin XCConfigurationList section */
		D0155A782B950FF6003FE6BC /* Build configuration list for PBXProject "All In" */ = {
			isa = XCConfigurationList;
			buildConfigurations = (
				D0155A9F2B950FF7003FE6BC /* Debug */,
				D0155AA02B950FF7003FE6BC /* Release */,
			);
			defaultConfigurationIsVisible = 0;
			defaultConfigurationName = Release;
		};
		D0155AA12B950FF7003FE6BC /* Build configuration list for PBXNativeTarget "All In" */ = {
			isa = XCConfigurationList;
			buildConfigurations = (
				D0155AA22B950FF7003FE6BC /* Debug */,
				D0155AA32B950FF7003FE6BC /* Release */,
			);
			defaultConfigurationIsVisible = 0;
			defaultConfigurationName = Release;
		};
		D0155AA42B950FF7003FE6BC /* Build configuration list for PBXNativeTarget "All InTests" */ = {
			isa = XCConfigurationList;
			buildConfigurations = (
				D0155AA52B950FF7003FE6BC /* Debug */,
				D0155AA62B950FF7003FE6BC /* Release */,
			);
			defaultConfigurationIsVisible = 0;
			defaultConfigurationName = Release;
		};
		D0155AA72B950FF7003FE6BC /* Build configuration list for PBXNativeTarget "All InUITests" */ = {
			isa = XCConfigurationList;
			buildConfigurations = (
				D0155AA82B950FF7003FE6BC /* Debug */,
				D0155AA92B950FF7003FE6BC /* Release */,
			);
			defaultConfigurationIsVisible = 0;
			defaultConfigurationName = Release;
		};
/* End XCConfigurationList section */

/* Begin XCRemoteSwiftPackageReference section */
		D047C62F2BD6E9DA007F6103 /* XCRemoteSwiftPackageReference "AlamofireImage" */ = {
			isa = XCRemoteSwiftPackageReference;
			repositoryURL = "https://github.com/Alamofire/AlamofireImage.git";
			requirement = {
				kind = upToNextMajorVersion;
				minimumVersion = 4.3.0;
			};
		};
		D0CD31832BD5A3EC00E7136C /* XCRemoteSwiftPackageReference "Alamofire" */ = {
			isa = XCRemoteSwiftPackageReference;
			repositoryURL = "https://github.com/Alamofire/Alamofire.git";
			requirement = {
				kind = upToNextMajorVersion;
				minimumVersion = 5.9.1;
			};
		};
/* End XCRemoteSwiftPackageReference section */

/* Begin XCSwiftPackageProductDependency section */
		D047C6302BD6E9DA007F6103 /* AlamofireImage */ = {
			isa = XCSwiftPackageProductDependency;
			package = D047C62F2BD6E9DA007F6103 /* XCRemoteSwiftPackageReference "AlamofireImage" */;
			productName = AlamofireImage;
		};
		D0CD31842BD5A3EC00E7136C /* Alamofire */ = {
			isa = XCSwiftPackageProductDependency;
			package = D0CD31832BD5A3EC00E7136C /* XCRemoteSwiftPackageReference "Alamofire" */;
			productName = Alamofire;
		};
		D0CD31862BD5A3EC00E7136C /* AlamofireDynamic */ = {
			isa = XCSwiftPackageProductDependency;
			package = D0CD31832BD5A3EC00E7136C /* XCRemoteSwiftPackageReference "Alamofire" */;
			productName = AlamofireDynamic;
		};
/* End XCSwiftPackageProductDependency section */
	};
	rootObject = D0155A752B950FF6003FE6BC /* Project object */;
}
