// !$*UTF8*$!
{
	archiveVersion = 1;
	classes = {
	};
	objectVersion = 56;
	objects = {

/* Begin PBXBuildFile section */
		897DFBDE2CCED80600246B0D /* PlayerChestViewModel.swift in Sources */ = {isa = PBXBuildFile; fileRef = 897DFBB62CCED80600246B0D /* PlayerChestViewModel.swift */; };
		897DFBDF2CCED80600246B0D /* RarityChestSheetViewModel.swift in Sources */ = {isa = PBXBuildFile; fileRef = 897DFBB72CCED80600246B0D /* RarityChestSheetViewModel.swift */; };
		897DFBE02CCED80600246B0D /* SheetView.swift in Sources */ = {isa = PBXBuildFile; fileRef = 897DFBB92CCED80600246B0D /* SheetView.swift */; };
		897DFBE12CCED80600246B0D /* PlayerChestSheetView.swift in Sources */ = {isa = PBXBuildFile; fileRef = 897DFBBB2CCED80600246B0D /* PlayerChestSheetView.swift */; };
		897DFBE22CCED80600246B0D /* PlayerChestView.swift in Sources */ = {isa = PBXBuildFile; fileRef = 897DFBBC2CCED80600246B0D /* PlayerChestView.swift */; };
		897DFBE32CCED80600246B0D /* RarityChestSheetView.swift in Sources */ = {isa = PBXBuildFile; fileRef = 897DFBBD2CCED80600246B0D /* RarityChestSheetView.swift */; };
		897DFBE42CCED80600246B0D /* RarityChestView.swift in Sources */ = {isa = PBXBuildFile; fileRef = 897DFBBE2CCED80600246B0D /* RarityChestView.swift */; };
		897DFBE52CCED80600246B0D /* UIWheelViewController.swift in Sources */ = {isa = PBXBuildFile; fileRef = 897DFBBF2CCED80600246B0D /* UIWheelViewController.swift */; };
		897DFBE62CCED80600246B0D /* WheelItemUIView.swift in Sources */ = {isa = PBXBuildFile; fileRef = 897DFBC02CCED80600246B0D /* WheelItemUIView.swift */; };
		897DFBE72CCED80600246B0D /* WheelSpinSheet.swift in Sources */ = {isa = PBXBuildFile; fileRef = 897DFBC12CCED80600246B0D /* WheelSpinSheet.swift */; };
		897DFBE82CCED80600246B0D /* HomeView.swift in Sources */ = {isa = PBXBuildFile; fileRef = 897DFBC32CCED80600246B0D /* HomeView.swift */; };
		897DFBE92CCED80600246B0D /* MarketplaceViewModel.swift in Sources */ = {isa = PBXBuildFile; fileRef = 897DFBC52CCED80600246B0D /* MarketplaceViewModel.swift */; };
		897DFBEA2CCED80600246B0D /* MarketplaceView.swift in Sources */ = {isa = PBXBuildFile; fileRef = 897DFBC72CCED80600246B0D /* MarketplaceView.swift */; };
		897DFBEB2CCED80600246B0D /* ProfileView.swift in Sources */ = {isa = PBXBuildFile; fileRef = 897DFBCA2CCED80600246B0D /* ProfileView.swift */; };
		897DFBEC2CCED80600246B0D /* PlayerAveragesModel.swift in Sources */ = {isa = PBXBuildFile; fileRef = 897DFBCC2CCED80600246B0D /* PlayerAveragesModel.swift */; };
		897DFBED2CCED80600246B0D /* PlayerDataModel.swift in Sources */ = {isa = PBXBuildFile; fileRef = 897DFBCD2CCED80600246B0D /* PlayerDataModel.swift */; };
		897DFBEE2CCED80600246B0D /* PlayerModel.swift in Sources */ = {isa = PBXBuildFile; fileRef = 897DFBCE2CCED80600246B0D /* PlayerModel.swift */; };
		897DFBEF2CCED80600246B0D /* ChestModel.swift in Sources */ = {isa = PBXBuildFile; fileRef = 897DFBD02CCED80600246B0D /* ChestModel.swift */; };
		897DFBF02CCED80600246B0D /* ContractModel.swift in Sources */ = {isa = PBXBuildFile; fileRef = 897DFBD12CCED80600246B0D /* ContractModel.swift */; };
		897DFBF12CCED80600246B0D /* TransactionModel.swift in Sources */ = {isa = PBXBuildFile; fileRef = 897DFBD22CCED80600246B0D /* TransactionModel.swift */; };
		897DFBF22CCED80600246B0D /* UserModel.swift in Sources */ = {isa = PBXBuildFile; fileRef = 897DFBD32CCED80600246B0D /* UserModel.swift */; };
		897DFBF32CCED80600246B0D /* PillSelectView.swift in Sources */ = {isa = PBXBuildFile; fileRef = 897DFBD52CCED80600246B0D /* PillSelectView.swift */; };
		897DFBF42CCED80600246B0D /* ViewController.swift in Sources */ = {isa = PBXBuildFile; fileRef = 897DFBD62CCED80600246B0D /* ViewController.swift */; };
		897DFBF52CCED80600246B0D /* ContractCard.swift in Sources */ = {isa = PBXBuildFile; fileRef = 897DFBD82CCED80600246B0D /* ContractCard.swift */; };
		897DFBF62CCED80600246B0D /* PlayerContractSheetView.swift in Sources */ = {isa = PBXBuildFile; fileRef = 897DFBD92CCED80600246B0D /* PlayerContractSheetView.swift */; };
		897DFBF72CCED80600246B0D /* TabBar.swift in Sources */ = {isa = PBXBuildFile; fileRef = 897DFBDA2CCED80600246B0D /* TabBar.swift */; };
		897DFBFC2CCED80C00246B0D /* Color+Extension.swift in Sources */ = {isa = PBXBuildFile; fileRef = 897DFBF82CCED80C00246B0D /* Color+Extension.swift */; };
		897DFBFD2CCED80C00246B0D /* Date+Extension.swift in Sources */ = {isa = PBXBuildFile; fileRef = 897DFBF92CCED80C00246B0D /* Date+Extension.swift */; };
		897DFBFE2CCED80C00246B0D /* NSNumberFormatter.swift in Sources */ = {isa = PBXBuildFile; fileRef = 897DFBFA2CCED80C00246B0D /* NSNumberFormatter.swift */; };
		992821A02BC0931200B592F7 /* AllInApp.swift in Sources */ = {isa = PBXBuildFile; fileRef = 9928219F2BC0931200B592F7 /* AllInApp.swift */; };
		992821A22BC0932300B592F7 /* AllInTests.swift in Sources */ = {isa = PBXBuildFile; fileRef = 992821A12BC0932300B592F7 /* AllInTests.swift */; };
		992821A52BC0932800B592F7 /* AllInUITestsLaunchTests.swift in Sources */ = {isa = PBXBuildFile; fileRef = 992821A32BC0932800B592F7 /* AllInUITestsLaunchTests.swift */; };
		992821A62BC0932800B592F7 /* AllInUITests.swift in Sources */ = {isa = PBXBuildFile; fileRef = 992821A42BC0932800B592F7 /* AllInUITests.swift */; };
		D0155A832B950FF6003FE6BC /* ContentView.swift in Sources */ = {isa = PBXBuildFile; fileRef = D0155A822B950FF6003FE6BC /* ContentView.swift */; };
		D0155A852B950FF7003FE6BC /* Assets.xcassets in Resources */ = {isa = PBXBuildFile; fileRef = D0155A842B950FF7003FE6BC /* Assets.xcassets */; };
		D0155A882B950FF7003FE6BC /* Preview Assets.xcassets in Resources */ = {isa = PBXBuildFile; fileRef = D0155A872B950FF7003FE6BC /* Preview Assets.xcassets */; };
		D047C6312BD6E9DA007F6103 /* AlamofireImage in Frameworks */ = {isa = PBXBuildFile; productRef = D047C6302BD6E9DA007F6103 /* AlamofireImage */; };
		D057FD852BA76F8600EF552D /* Constants.swift in Sources */ = {isa = PBXBuildFile; fileRef = D057FD842BA76F8600EF552D /* Constants.swift */; };
		D0CD31822BD5A2F500E7136C /* NetworkManager.swift in Sources */ = {isa = PBXBuildFile; fileRef = D0CD31812BD5A2F500E7136C /* NetworkManager.swift */; };
		D0CD31852BD5A3EC00E7136C /* Alamofire in Frameworks */ = {isa = PBXBuildFile; productRef = D0CD31842BD5A3EC00E7136C /* Alamofire */; };
		D0F6A9F62BD887F100D75BAD /* SnapKit in Frameworks */ = {isa = PBXBuildFile; productRef = D0F6A9F52BD887F100D75BAD /* SnapKit */; };
		FDC7C3DD2CD81737007BE12F /* AllInEnvironment.swift in Sources */ = {isa = PBXBuildFile; fileRef = FDC7C3D92CD81737007BE12F /* AllInEnvironment.swift */; };
		D8B1C9D72CD805280095E563 /* ProfileViewViewModel.swift in Sources */ = {isa = PBXBuildFile; fileRef = D8B1C9D62CD805280095E563 /* ProfileViewViewModel.swift */; };
/* End PBXBuildFile section */

/* Begin PBXContainerItemProxy section */
		D0155A8E2B950FF7003FE6BC /* PBXContainerItemProxy */ = {
			isa = PBXContainerItemProxy;
			containerPortal = D0155A752B950FF6003FE6BC /* Project object */;
			proxyType = 1;
			remoteGlobalIDString = D0155A7C2B950FF6003FE6BC;
			remoteInfo = "All In";
		};
		D0155A982B950FF7003FE6BC /* PBXContainerItemProxy */ = {
			isa = PBXContainerItemProxy;
			containerPortal = D0155A752B950FF6003FE6BC /* Project object */;
			proxyType = 1;
			remoteGlobalIDString = D0155A7C2B950FF6003FE6BC;
			remoteInfo = "All In";
		};
/* End PBXContainerItemProxy section */

/* Begin PBXFileReference section */
		897DFBB62CCED80600246B0D /* PlayerChestViewModel.swift */ = {isa = PBXFileReference; lastKnownFileType = sourcecode.swift; path = PlayerChestViewModel.swift; sourceTree = "<group>"; };
		897DFBB72CCED80600246B0D /* RarityChestSheetViewModel.swift */ = {isa = PBXFileReference; lastKnownFileType = sourcecode.swift; path = RarityChestSheetViewModel.swift; sourceTree = "<group>"; };
		897DFBB92CCED80600246B0D /* SheetView.swift */ = {isa = PBXFileReference; lastKnownFileType = sourcecode.swift; path = SheetView.swift; sourceTree = "<group>"; };
		897DFBBB2CCED80600246B0D /* PlayerChestSheetView.swift */ = {isa = PBXFileReference; lastKnownFileType = sourcecode.swift; path = PlayerChestSheetView.swift; sourceTree = "<group>"; };
		897DFBBC2CCED80600246B0D /* PlayerChestView.swift */ = {isa = PBXFileReference; lastKnownFileType = sourcecode.swift; path = PlayerChestView.swift; sourceTree = "<group>"; };
		897DFBBD2CCED80600246B0D /* RarityChestSheetView.swift */ = {isa = PBXFileReference; lastKnownFileType = sourcecode.swift; path = RarityChestSheetView.swift; sourceTree = "<group>"; };
		897DFBBE2CCED80600246B0D /* RarityChestView.swift */ = {isa = PBXFileReference; lastKnownFileType = sourcecode.swift; path = RarityChestView.swift; sourceTree = "<group>"; };
		897DFBBF2CCED80600246B0D /* UIWheelViewController.swift */ = {isa = PBXFileReference; lastKnownFileType = sourcecode.swift; path = UIWheelViewController.swift; sourceTree = "<group>"; };
		897DFBC02CCED80600246B0D /* WheelItemUIView.swift */ = {isa = PBXFileReference; lastKnownFileType = sourcecode.swift; path = WheelItemUIView.swift; sourceTree = "<group>"; };
		897DFBC12CCED80600246B0D /* WheelSpinSheet.swift */ = {isa = PBXFileReference; lastKnownFileType = sourcecode.swift; path = WheelSpinSheet.swift; sourceTree = "<group>"; };
		897DFBC32CCED80600246B0D /* HomeView.swift */ = {isa = PBXFileReference; lastKnownFileType = sourcecode.swift; path = HomeView.swift; sourceTree = "<group>"; };
		897DFBC52CCED80600246B0D /* MarketplaceViewModel.swift */ = {isa = PBXFileReference; lastKnownFileType = sourcecode.swift; path = MarketplaceViewModel.swift; sourceTree = "<group>"; };
		897DFBC72CCED80600246B0D /* MarketplaceView.swift */ = {isa = PBXFileReference; lastKnownFileType = sourcecode.swift; path = MarketplaceView.swift; sourceTree = "<group>"; };
		897DFBCA2CCED80600246B0D /* ProfileView.swift */ = {isa = PBXFileReference; lastKnownFileType = sourcecode.swift; path = ProfileView.swift; sourceTree = "<group>"; };
		897DFBCC2CCED80600246B0D /* PlayerAveragesModel.swift */ = {isa = PBXFileReference; lastKnownFileType = sourcecode.swift; path = PlayerAveragesModel.swift; sourceTree = "<group>"; };
		897DFBCD2CCED80600246B0D /* PlayerDataModel.swift */ = {isa = PBXFileReference; lastKnownFileType = sourcecode.swift; path = PlayerDataModel.swift; sourceTree = "<group>"; };
		897DFBCE2CCED80600246B0D /* PlayerModel.swift */ = {isa = PBXFileReference; lastKnownFileType = sourcecode.swift; path = PlayerModel.swift; sourceTree = "<group>"; };
		897DFBD02CCED80600246B0D /* ChestModel.swift */ = {isa = PBXFileReference; lastKnownFileType = sourcecode.swift; path = ChestModel.swift; sourceTree = "<group>"; };
		897DFBD12CCED80600246B0D /* ContractModel.swift */ = {isa = PBXFileReference; lastKnownFileType = sourcecode.swift; path = ContractModel.swift; sourceTree = "<group>"; };
		897DFBD22CCED80600246B0D /* TransactionModel.swift */ = {isa = PBXFileReference; lastKnownFileType = sourcecode.swift; path = TransactionModel.swift; sourceTree = "<group>"; };
		897DFBD32CCED80600246B0D /* UserModel.swift */ = {isa = PBXFileReference; lastKnownFileType = sourcecode.swift; path = UserModel.swift; sourceTree = "<group>"; };
		897DFBD52CCED80600246B0D /* PillSelectView.swift */ = {isa = PBXFileReference; lastKnownFileType = sourcecode.swift; path = PillSelectView.swift; sourceTree = "<group>"; };
		897DFBD62CCED80600246B0D /* ViewController.swift */ = {isa = PBXFileReference; lastKnownFileType = sourcecode.swift; path = ViewController.swift; sourceTree = "<group>"; };
		897DFBD82CCED80600246B0D /* ContractCard.swift */ = {isa = PBXFileReference; lastKnownFileType = sourcecode.swift; path = ContractCard.swift; sourceTree = "<group>"; };
		897DFBD92CCED80600246B0D /* PlayerContractSheetView.swift */ = {isa = PBXFileReference; lastKnownFileType = sourcecode.swift; path = PlayerContractSheetView.swift; sourceTree = "<group>"; };
		897DFBDA2CCED80600246B0D /* TabBar.swift */ = {isa = PBXFileReference; lastKnownFileType = sourcecode.swift; path = TabBar.swift; sourceTree = "<group>"; };
		897DFBF82CCED80C00246B0D /* Color+Extension.swift */ = {isa = PBXFileReference; lastKnownFileType = sourcecode.swift; path = "Color+Extension.swift"; sourceTree = "<group>"; };
		897DFBF92CCED80C00246B0D /* Date+Extension.swift */ = {isa = PBXFileReference; lastKnownFileType = sourcecode.swift; path = "Date+Extension.swift"; sourceTree = "<group>"; };
		897DFBFA2CCED80C00246B0D /* NSNumberFormatter.swift */ = {isa = PBXFileReference; lastKnownFileType = sourcecode.swift; path = NSNumberFormatter.swift; sourceTree = "<group>"; };
		9928219F2BC0931200B592F7 /* AllInApp.swift */ = {isa = PBXFileReference; fileEncoding = 4; lastKnownFileType = sourcecode.swift; name = AllInApp.swift; path = "All In/AllInApp.swift"; sourceTree = SOURCE_ROOT; };
		992821A12BC0932300B592F7 /* AllInTests.swift */ = {isa = PBXFileReference; fileEncoding = 4; lastKnownFileType = sourcecode.swift; path = AllInTests.swift; sourceTree = "<group>"; };
		992821A32BC0932800B592F7 /* AllInUITestsLaunchTests.swift */ = {isa = PBXFileReference; fileEncoding = 4; lastKnownFileType = sourcecode.swift; path = AllInUITestsLaunchTests.swift; sourceTree = "<group>"; };
		992821A42BC0932800B592F7 /* AllInUITests.swift */ = {isa = PBXFileReference; fileEncoding = 4; lastKnownFileType = sourcecode.swift; path = AllInUITests.swift; sourceTree = "<group>"; };
		D0155A7D2B950FF6003FE6BC /* All In.app */ = {isa = PBXFileReference; explicitFileType = wrapper.application; includeInIndex = 0; path = "All In.app"; sourceTree = BUILT_PRODUCTS_DIR; };
		D0155A822B950FF6003FE6BC /* ContentView.swift */ = {isa = PBXFileReference; lastKnownFileType = sourcecode.swift; path = ContentView.swift; sourceTree = "<group>"; };
		D0155A842B950FF7003FE6BC /* Assets.xcassets */ = {isa = PBXFileReference; lastKnownFileType = folder.assetcatalog; path = Assets.xcassets; sourceTree = "<group>"; };
		D0155A872B950FF7003FE6BC /* Preview Assets.xcassets */ = {isa = PBXFileReference; lastKnownFileType = folder.assetcatalog; path = "Preview Assets.xcassets"; sourceTree = "<group>"; };
		D0155A8D2B950FF7003FE6BC /* All InTests.xctest */ = {isa = PBXFileReference; explicitFileType = wrapper.cfbundle; includeInIndex = 0; path = "All InTests.xctest"; sourceTree = BUILT_PRODUCTS_DIR; };
		D0155A972B950FF7003FE6BC /* All InUITests.xctest */ = {isa = PBXFileReference; explicitFileType = wrapper.cfbundle; includeInIndex = 0; path = "All InUITests.xctest"; sourceTree = BUILT_PRODUCTS_DIR; };
		D057FD842BA76F8600EF552D /* Constants.swift */ = {isa = PBXFileReference; lastKnownFileType = sourcecode.swift; path = Constants.swift; sourceTree = "<group>"; };
		D0CD31812BD5A2F500E7136C /* NetworkManager.swift */ = {isa = PBXFileReference; lastKnownFileType = sourcecode.swift; path = NetworkManager.swift; sourceTree = "<group>"; };
		FDC7C3D92CD81737007BE12F /* AllInEnvironment.swift */ = {isa = PBXFileReference; lastKnownFileType = sourcecode.swift; path = AllInEnvironment.swift; sourceTree = "<group>"; };
		FDC7C3DE2CD81768007BE12F /* Info.plist */ = {isa = PBXFileReference; lastKnownFileType = text.plist.xml; path = Info.plist; sourceTree = "<group>"; };
		D8B1C9D62CD805280095E563 /* ProfileViewViewModel.swift */ = {isa = PBXFileReference; lastKnownFileType = sourcecode.swift; path = ProfileViewViewModel.swift; sourceTree = "<group>"; };
/* End PBXFileReference section */

/* Begin PBXFrameworksBuildPhase section */
		D0155A7A2B950FF6003FE6BC /* Frameworks */ = {
			isa = PBXFrameworksBuildPhase;
			buildActionMask = 2147483647;
			files = (
				D0CD31852BD5A3EC00E7136C /* Alamofire in Frameworks */,
				D0F6A9F62BD887F100D75BAD /* SnapKit in Frameworks */,
				D047C6312BD6E9DA007F6103 /* AlamofireImage in Frameworks */,
			);
			runOnlyForDeploymentPostprocessing = 0;
		};
		D0155A8A2B950FF7003FE6BC /* Frameworks */ = {
			isa = PBXFrameworksBuildPhase;
			buildActionMask = 2147483647;
			files = (
			);
			runOnlyForDeploymentPostprocessing = 0;
		};
		D0155A942B950FF7003FE6BC /* Frameworks */ = {
			isa = PBXFrameworksBuildPhase;
			buildActionMask = 2147483647;
			files = (
			);
			runOnlyForDeploymentPostprocessing = 0;
		};
/* End PBXFrameworksBuildPhase section */

/* Begin PBXGroup section */
		897DFBB82CCED80600246B0D /* ViewModels */ = {
			isa = PBXGroup;
			children = (
				897DFBB62CCED80600246B0D /* PlayerChestViewModel.swift */,
				897DFBB72CCED80600246B0D /* RarityChestSheetViewModel.swift */,
			);
			path = ViewModels;
			sourceTree = "<group>";
		};
		897DFBBA2CCED80600246B0D /* Supporting */ = {
			isa = PBXGroup;
			children = (
				897DFBB92CCED80600246B0D /* SheetView.swift */,
			);
			path = Supporting;
			sourceTree = "<group>";
		};
		897DFBC22CCED80600246B0D /* Views */ = {
			isa = PBXGroup;
			children = (
				897DFBBA2CCED80600246B0D /* Supporting */,
				897DFBBB2CCED80600246B0D /* PlayerChestSheetView.swift */,
				897DFBBC2CCED80600246B0D /* PlayerChestView.swift */,
				897DFBBD2CCED80600246B0D /* RarityChestSheetView.swift */,
				897DFBBE2CCED80600246B0D /* RarityChestView.swift */,
				897DFBBF2CCED80600246B0D /* UIWheelViewController.swift */,
				897DFBC02CCED80600246B0D /* WheelItemUIView.swift */,
				897DFBC12CCED80600246B0D /* WheelSpinSheet.swift */,
			);
			path = Views;
			sourceTree = "<group>";
		};
		897DFBC42CCED80600246B0D /* Home */ = {
			isa = PBXGroup;
			children = (
				897DFBB82CCED80600246B0D /* ViewModels */,
				897DFBC22CCED80600246B0D /* Views */,
				897DFBC32CCED80600246B0D /* HomeView.swift */,
			);
			path = Home;
			sourceTree = "<group>";
		};
		897DFBC62CCED80600246B0D /* ViewModels */ = {
			isa = PBXGroup;
			children = (
				897DFBC52CCED80600246B0D /* MarketplaceViewModel.swift */,
			);
			path = ViewModels;
			sourceTree = "<group>";
		};
		897DFBC82CCED80600246B0D /* Marketplace */ = {
			isa = PBXGroup;
			children = (
				897DFBC62CCED80600246B0D /* ViewModels */,
				897DFBC72CCED80600246B0D /* MarketplaceView.swift */,
			);
			path = Marketplace;
			sourceTree = "<group>";
		};
		897DFBC92CCED80600246B0D /* ViewModels */ = {
			isa = PBXGroup;
			children = (
			);
			path = ViewModels;
			sourceTree = "<group>";
		};
		897DFBCB2CCED80600246B0D /* Profile */ = {
			isa = PBXGroup;
			children = (
				897DFBC92CCED80600246B0D /* ViewModels */,
				897DFBCA2CCED80600246B0D /* ProfileView.swift */,
				D8B1C9D62CD805280095E563 /* ProfileViewViewModel.swift */,
			);
			path = Profile;
			sourceTree = "<group>";
		};
		897DFBCF2CCED80600246B0D /* Player */ = {
			isa = PBXGroup;
			children = (
				897DFBCC2CCED80600246B0D /* PlayerAveragesModel.swift */,
				897DFBCD2CCED80600246B0D /* PlayerDataModel.swift */,
				897DFBCE2CCED80600246B0D /* PlayerModel.swift */,
			);
			path = Player;
			sourceTree = "<group>";
		};
		897DFBD42CCED80600246B0D /* Models */ = {
			isa = PBXGroup;
			children = (
				897DFBCF2CCED80600246B0D /* Player */,
				897DFBD02CCED80600246B0D /* ChestModel.swift */,
				897DFBD12CCED80600246B0D /* ContractModel.swift */,
				897DFBD22CCED80600246B0D /* TransactionModel.swift */,
				897DFBD32CCED80600246B0D /* UserModel.swift */,
			);
			path = Models;
			sourceTree = "<group>";
		};
		897DFBD72CCED80600246B0D /* Supporting */ = {
			isa = PBXGroup;
			children = (
				897DFBD52CCED80600246B0D /* PillSelectView.swift */,
				897DFBD62CCED80600246B0D /* ViewController.swift */,
			);
			path = Supporting;
			sourceTree = "<group>";
		};
		897DFBDB2CCED80600246B0D /* Views */ = {
			isa = PBXGroup;
			children = (
				897DFBD72CCED80600246B0D /* Supporting */,
				897DFBD82CCED80600246B0D /* ContractCard.swift */,
				897DFBD92CCED80600246B0D /* PlayerContractSheetView.swift */,
				897DFBDA2CCED80600246B0D /* TabBar.swift */,
			);
			path = Views;
			sourceTree = "<group>";
		};
		897DFBDC2CCED80600246B0D /* Shared */ = {
			isa = PBXGroup;
			children = (
				897DFBD42CCED80600246B0D /* Models */,
				897DFBDB2CCED80600246B0D /* Views */,
			);
			path = Shared;
			sourceTree = "<group>";
		};
		897DFBDD2CCED80600246B0D /* Features */ = {
			isa = PBXGroup;
			children = (
				897DFBC42CCED80600246B0D /* Home */,
				897DFBC82CCED80600246B0D /* Marketplace */,
				897DFBCB2CCED80600246B0D /* Profile */,
				897DFBDC2CCED80600246B0D /* Shared */,
			);
			path = Features;
			sourceTree = "<group>";
		};
		897DFBFB2CCED80C00246B0D /* Extensions */ = {
			isa = PBXGroup;
			children = (
				897DFBF82CCED80C00246B0D /* Color+Extension.swift */,
				897DFBF92CCED80C00246B0D /* Date+Extension.swift */,
				897DFBFA2CCED80C00246B0D /* NSNumberFormatter.swift */,
			);
			path = Extensions;
			sourceTree = "<group>";
		};
		CE101CDC2BA776ED00218E40 /* Resources */ = {
			isa = PBXGroup;
			children = (
				D0155A842B950FF7003FE6BC /* Assets.xcassets */,
				D0155A862B950FF7003FE6BC /* Preview Content */,
			);
			path = Resources;
			sourceTree = "<group>";
		};
		D0155A742B950FF6003FE6BC = {
			isa = PBXGroup;
			children = (
				FDC7C3E02CD81F11007BE12F /* AllInSecrets */,
				D0155A7F2B950FF6003FE6BC /* All In */,
				D0155A902B950FF7003FE6BC /* All InTests */,
				D0155A9A2B950FF7003FE6BC /* All InUITests */,
				D0155A7E2B950FF6003FE6BC /* Products */,
			);
			sourceTree = "<group>";
		};
		D0155A7E2B950FF6003FE6BC /* Products */ = {
			isa = PBXGroup;
			children = (
				D0155A7D2B950FF6003FE6BC /* All In.app */,
				D0155A8D2B950FF7003FE6BC /* All InTests.xctest */,
				D0155A972B950FF7003FE6BC /* All InUITests.xctest */,
			);
			name = Products;
			sourceTree = "<group>";
		};
		D0155A7F2B950FF6003FE6BC /* All In */ = {
			isa = PBXGroup;
			children = (
				9928219F2BC0931200B592F7 /* AllInApp.swift */,
				D0155A822B950FF6003FE6BC /* ContentView.swift */,
				FDC7C3DE2CD81768007BE12F /* Info.plist */,
				FDC7C3DB2CD81737007BE12F /* Configs */,
				CE101CDC2BA776ED00218E40 /* Resources */,
				897DFBDD2CCED80600246B0D /* Features */,
				D0CD31802BD5A2EB00E7136C /* Networking */,
				D057FD832BA76F7B00EF552D /* Utils */,
			);
			path = "All In";
			sourceTree = "<group>";
		};
		D0155A862B950FF7003FE6BC /* Preview Content */ = {
			isa = PBXGroup;
			children = (
				D0155A872B950FF7003FE6BC /* Preview Assets.xcassets */,
			);
			path = "Preview Content";
			sourceTree = "<group>";
		};
		D0155A902B950FF7003FE6BC /* All InTests */ = {
			isa = PBXGroup;
			children = (
				992821A12BC0932300B592F7 /* AllInTests.swift */,
			);
			path = "All InTests";
			sourceTree = "<group>";
		};
		D0155A9A2B950FF7003FE6BC /* All InUITests */ = {
			isa = PBXGroup;
			children = (
				992821A42BC0932800B592F7 /* AllInUITests.swift */,
				992821A32BC0932800B592F7 /* AllInUITestsLaunchTests.swift */,
			);
			path = "All InUITests";
			sourceTree = "<group>";
		};
		D057FD832BA76F7B00EF552D /* Utils */ = {
			isa = PBXGroup;
			children = (
				D057FD842BA76F8600EF552D /* Constants.swift */,
				897DFBFB2CCED80C00246B0D /* Extensions */,
			);
			path = Utils;
			sourceTree = "<group>";
		};
		D0CD31802BD5A2EB00E7136C /* Networking */ = {
			isa = PBXGroup;
			children = (
				D0CD31812BD5A2F500E7136C /* NetworkManager.swift */,
			);
			path = Networking;
			sourceTree = "<group>";
		};
		FDC7C3DB2CD81737007BE12F /* Configs */ = {
			isa = PBXGroup;
			children = (
				FDC7C3D92CD81737007BE12F /* AllInEnvironment.swift */,
			);
			path = Configs;
			sourceTree = "<group>";
		};
		FDC7C3E02CD81F11007BE12F /* AllInSecrets */ = {
			isa = PBXGroup;
			children = (
				FDC7C3DA2CD81737007BE12F /* Keys.xcconfig */,
			);
			path = AllInSecrets;
			sourceTree = "<group>";
		};
/* End PBXGroup section */

/* Begin PBXNativeTarget section */
		D0155A7C2B950FF6003FE6BC /* All In */ = {
			isa = PBXNativeTarget;
			buildConfigurationList = D0155AA12B950FF7003FE6BC /* Build configuration list for PBXNativeTarget "All In" */;
			buildPhases = (
				D0155A792B950FF6003FE6BC /* Sources */,
				D0155A7A2B950FF6003FE6BC /* Frameworks */,
				D0155A7B2B950FF6003FE6BC /* Resources */,
				892478412CCD75A50086F335 /* SwiftLint */,
			);
			buildRules = (
			);
			dependencies = (
				8924784B2CCD7A270086F335 /* PBXTargetDependency */,
			);
			name = "All In";
			packageProductDependencies = (
				D0CD31842BD5A3EC00E7136C /* Alamofire */,
				D047C6302BD6E9DA007F6103 /* AlamofireImage */,
				D0F6A9F52BD887F100D75BAD /* SnapKit */,
			);
			productName = "All In";
			productReference = D0155A7D2B950FF6003FE6BC /* All In.app */;
			productType = "com.apple.product-type.application";
		};
		D0155A8C2B950FF7003FE6BC /* All InTests */ = {
			isa = PBXNativeTarget;
			buildConfigurationList = D0155AA42B950FF7003FE6BC /* Build configuration list for PBXNativeTarget "All InTests" */;
			buildPhases = (
				D0155A892B950FF7003FE6BC /* Sources */,
				D0155A8A2B950FF7003FE6BC /* Frameworks */,
				D0155A8B2B950FF7003FE6BC /* Resources */,
			);
			buildRules = (
			);
			dependencies = (
				D0155A8F2B950FF7003FE6BC /* PBXTargetDependency */,
			);
			name = "All InTests";
			productName = "All InTests";
			productReference = D0155A8D2B950FF7003FE6BC /* All InTests.xctest */;
			productType = "com.apple.product-type.bundle.unit-test";
		};
		D0155A962B950FF7003FE6BC /* All InUITests */ = {
			isa = PBXNativeTarget;
			buildConfigurationList = D0155AA72B950FF7003FE6BC /* Build configuration list for PBXNativeTarget "All InUITests" */;
			buildPhases = (
				D0155A932B950FF7003FE6BC /* Sources */,
				D0155A942B950FF7003FE6BC /* Frameworks */,
				D0155A952B950FF7003FE6BC /* Resources */,
			);
			buildRules = (
			);
			dependencies = (
				D0155A992B950FF7003FE6BC /* PBXTargetDependency */,
			);
			name = "All InUITests";
			productName = "All InUITests";
			productReference = D0155A972B950FF7003FE6BC /* All InUITests.xctest */;
			productType = "com.apple.product-type.bundle.ui-testing";
		};
/* End PBXNativeTarget section */

/* Begin PBXProject section */
		D0155A752B950FF6003FE6BC /* Project object */ = {
			isa = PBXProject;
			attributes = {
				BuildIndependentTargetsInParallel = 1;
				LastSwiftUpdateCheck = 1520;
				LastUpgradeCheck = 1600;
				TargetAttributes = {
					D0155A7C2B950FF6003FE6BC = {
						CreatedOnToolsVersion = 15.2;
					};
					D0155A8C2B950FF7003FE6BC = {
						CreatedOnToolsVersion = 15.2;
						TestTargetID = D0155A7C2B950FF6003FE6BC;
					};
					D0155A962B950FF7003FE6BC = {
						CreatedOnToolsVersion = 15.2;
						TestTargetID = D0155A7C2B950FF6003FE6BC;
					};
				};
			};
			buildConfigurationList = D0155A782B950FF6003FE6BC /* Build configuration list for PBXProject "All In" */;
			compatibilityVersion = "Xcode 14.0";
			developmentRegion = en;
			hasScannedForEncodings = 0;
			knownRegions = (
				en,
				Base,
			);
			mainGroup = D0155A742B950FF6003FE6BC;
			packageReferences = (
				D0CD31832BD5A3EC00E7136C /* XCRemoteSwiftPackageReference "Alamofire" */,
				D047C62F2BD6E9DA007F6103 /* XCRemoteSwiftPackageReference "AlamofireImage" */,
				D0F6A9F42BD887F100D75BAD /* XCRemoteSwiftPackageReference "SnapKit" */,
				892478402CCD723B0086F335 /* XCRemoteSwiftPackageReference "SwiftLintPlugins" */,
			);
			productRefGroup = D0155A7E2B950FF6003FE6BC /* Products */;
			projectDirPath = "";
			projectRoot = "";
			targets = (
				D0155A7C2B950FF6003FE6BC /* All In */,
				D0155A8C2B950FF7003FE6BC /* All InTests */,
				D0155A962B950FF7003FE6BC /* All InUITests */,
			);
		};
/* End PBXProject section */

/* Begin PBXResourcesBuildPhase section */
		D0155A7B2B950FF6003FE6BC /* Resources */ = {
			isa = PBXResourcesBuildPhase;
			buildActionMask = 2147483647;
			files = (
				D0155A882B950FF7003FE6BC /* Preview Assets.xcassets in Resources */,
				D0155A852B950FF7003FE6BC /* Assets.xcassets in Resources */,
				FDC7C3DC2CD81737007BE12F /* Keys.xcconfig in Resources */,
			);
			runOnlyForDeploymentPostprocessing = 0;
		};
		D0155A8B2B950FF7003FE6BC /* Resources */ = {
			isa = PBXResourcesBuildPhase;
			buildActionMask = 2147483647;
			files = (
			);
			runOnlyForDeploymentPostprocessing = 0;
		};
		D0155A952B950FF7003FE6BC /* Resources */ = {
			isa = PBXResourcesBuildPhase;
			buildActionMask = 2147483647;
			files = (
			);
			runOnlyForDeploymentPostprocessing = 0;
		};
/* End PBXResourcesBuildPhase section */

/* Begin PBXShellScriptBuildPhase section */
		892478412CCD75A50086F335 /* SwiftLint */ = {
			isa = PBXShellScriptBuildPhase;
			alwaysOutOfDate = 1;
			buildActionMask = 2147483647;
			files = (
			);
			inputFileListPaths = (
			);
			inputPaths = (
			);
			name = SwiftLint;
			outputFileListPaths = (
			);
			outputPaths = (
			);
			runOnlyForDeploymentPostprocessing = 0;
			shellPath = /bin/sh;
			shellScript = "if [[ \"$(uname -m)\" == arm64 ]]; then\n    export PATH=\"/opt/homebrew/bin:$PATH\"\nfi\n\nif which swiftlint >/dev/null; then\n    swiftlint --fix && swiftlint\nelse\n    echo \"ERROR: SwiftLint not installed\"\n    exit 1\nfi\n";
		};
/* End PBXShellScriptBuildPhase section */

/* Begin PBXSourcesBuildPhase section */
		D0155A792B950FF6003FE6BC /* Sources */ = {
			isa = PBXSourcesBuildPhase;
			buildActionMask = 2147483647;
			files = (
				D0CD31822BD5A2F500E7136C /* NetworkManager.swift in Sources */,
				D0155A832B950FF6003FE6BC /* ContentView.swift in Sources */,
				992821A02BC0931200B592F7 /* AllInApp.swift in Sources */,
				897DFBDE2CCED80600246B0D /* PlayerChestViewModel.swift in Sources */,
				897DFBDF2CCED80600246B0D /* RarityChestSheetViewModel.swift in Sources */,
				897DFBE02CCED80600246B0D /* SheetView.swift in Sources */,
				897DFBE12CCED80600246B0D /* PlayerChestSheetView.swift in Sources */,
				897DFBE22CCED80600246B0D /* PlayerChestView.swift in Sources */,
				897DFBE32CCED80600246B0D /* RarityChestSheetView.swift in Sources */,
				897DFBE42CCED80600246B0D /* RarityChestView.swift in Sources */,
				897DFBE52CCED80600246B0D /* UIWheelViewController.swift in Sources */,
				897DFBFC2CCED80C00246B0D /* Color+Extension.swift in Sources */,
				897DFBFD2CCED80C00246B0D /* Date+Extension.swift in Sources */,
				897DFBFE2CCED80C00246B0D /* NSNumberFormatter.swift in Sources */,
				897DFBE62CCED80600246B0D /* WheelItemUIView.swift in Sources */,
				897DFBE72CCED80600246B0D /* WheelSpinSheet.swift in Sources */,
				897DFBE82CCED80600246B0D /* HomeView.swift in Sources */,
				897DFBE92CCED80600246B0D /* MarketplaceViewModel.swift in Sources */,
				897DFBEA2CCED80600246B0D /* MarketplaceView.swift in Sources */,
				897DFBEB2CCED80600246B0D /* ProfileView.swift in Sources */,
				897DFBEC2CCED80600246B0D /* PlayerAveragesModel.swift in Sources */,
				897DFBED2CCED80600246B0D /* PlayerDataModel.swift in Sources */,
				FDC7C3DD2CD81737007BE12F /* AllInEnvironment.swift in Sources */,
				897DFBEE2CCED80600246B0D /* PlayerModel.swift in Sources */,
				897DFBEF2CCED80600246B0D /* ChestModel.swift in Sources */,
				897DFBF02CCED80600246B0D /* ContractModel.swift in Sources */,
				897DFBF12CCED80600246B0D /* TransactionModel.swift in Sources */,
				897DFBF22CCED80600246B0D /* UserModel.swift in Sources */,
				897DFBF32CCED80600246B0D /* PillSelectView.swift in Sources */,
				897DFBF42CCED80600246B0D /* ViewController.swift in Sources */,
				897DFBF52CCED80600246B0D /* ContractCard.swift in Sources */,
				897DFBF62CCED80600246B0D /* PlayerContractSheetView.swift in Sources */,
				D8B1C9D72CD805280095E563 /* ProfileViewViewModel.swift in Sources */,
				897DFBF72CCED80600246B0D /* TabBar.swift in Sources */,
				D057FD852BA76F8600EF552D /* Constants.swift in Sources */,
			);
			runOnlyForDeploymentPostprocessing = 0;
		};
		D0155A892B950FF7003FE6BC /* Sources */ = {
			isa = PBXSourcesBuildPhase;
			buildActionMask = 2147483647;
			files = (
				992821A22BC0932300B592F7 /* AllInTests.swift in Sources */,
			);
			runOnlyForDeploymentPostprocessing = 0;
		};
		D0155A932B950FF7003FE6BC /* Sources */ = {
			isa = PBXSourcesBuildPhase;
			buildActionMask = 2147483647;
			files = (
				992821A52BC0932800B592F7 /* AllInUITestsLaunchTests.swift in Sources */,
				992821A62BC0932800B592F7 /* AllInUITests.swift in Sources */,
			);
			runOnlyForDeploymentPostprocessing = 0;
		};
/* End PBXSourcesBuildPhase section */

/* Begin PBXTargetDependency section */
		8924784B2CCD7A270086F335 /* PBXTargetDependency */ = {
			isa = PBXTargetDependency;
			productRef = 8924784A2CCD7A270086F335 /* SwiftLintBuildToolPlugin */;
		};
		D0155A8F2B950FF7003FE6BC /* PBXTargetDependency */ = {
			isa = PBXTargetDependency;
			target = D0155A7C2B950FF6003FE6BC /* All In */;
			targetProxy = D0155A8E2B950FF7003FE6BC /* PBXContainerItemProxy */;
		};
		D0155A992B950FF7003FE6BC /* PBXTargetDependency */ = {
			isa = PBXTargetDependency;
			target = D0155A7C2B950FF6003FE6BC /* All In */;
			targetProxy = D0155A982B950FF7003FE6BC /* PBXContainerItemProxy */;
		};
/* End PBXTargetDependency section */

/* Begin XCBuildConfiguration section */
		D0155A9F2B950FF7003FE6BC /* Debug */ = {
			isa = XCBuildConfiguration;
			buildSettings = {
				ALWAYS_SEARCH_USER_PATHS = NO;
				ASSETCATALOG_COMPILER_GENERATE_SWIFT_ASSET_SYMBOL_EXTENSIONS = YES;
				CLANG_ANALYZER_NONNULL = YES;
				CLANG_ANALYZER_NUMBER_OBJECT_CONVERSION = YES_AGGRESSIVE;
				CLANG_CXX_LANGUAGE_STANDARD = "gnu++20";
				CLANG_ENABLE_MODULES = YES;
				CLANG_ENABLE_OBJC_ARC = YES;
				CLANG_ENABLE_OBJC_WEAK = YES;
				CLANG_WARN_BLOCK_CAPTURE_AUTORELEASING = YES;
				CLANG_WARN_BOOL_CONVERSION = YES;
				CLANG_WARN_COMMA = YES;
				CLANG_WARN_CONSTANT_CONVERSION = YES;
				CLANG_WARN_DEPRECATED_OBJC_IMPLEMENTATIONS = YES;
				CLANG_WARN_DIRECT_OBJC_ISA_USAGE = YES_ERROR;
				CLANG_WARN_DOCUMENTATION_COMMENTS = YES;
				CLANG_WARN_EMPTY_BODY = YES;
				CLANG_WARN_ENUM_CONVERSION = YES;
				CLANG_WARN_INFINITE_RECURSION = YES;
				CLANG_WARN_INT_CONVERSION = YES;
				CLANG_WARN_NON_LITERAL_NULL_CONVERSION = YES;
				CLANG_WARN_OBJC_IMPLICIT_RETAIN_SELF = YES;
				CLANG_WARN_OBJC_LITERAL_CONVERSION = YES;
				CLANG_WARN_OBJC_ROOT_CLASS = YES_ERROR;
				CLANG_WARN_QUOTED_INCLUDE_IN_FRAMEWORK_HEADER = YES;
				CLANG_WARN_RANGE_LOOP_ANALYSIS = YES;
				CLANG_WARN_STRICT_PROTOTYPES = YES;
				CLANG_WARN_SUSPICIOUS_MOVE = YES;
				CLANG_WARN_UNGUARDED_AVAILABILITY = YES_AGGRESSIVE;
				CLANG_WARN_UNREACHABLE_CODE = YES;
				CLANG_WARN__DUPLICATE_METHOD_MATCH = YES;
				COPY_PHASE_STRIP = NO;
				DEBUG_INFORMATION_FORMAT = dwarf;
				ENABLE_STRICT_OBJC_MSGSEND = YES;
				ENABLE_TESTABILITY = YES;
				ENABLE_USER_SCRIPT_SANDBOXING = YES;
				GCC_C_LANGUAGE_STANDARD = gnu17;
				GCC_DYNAMIC_NO_PIC = NO;
				GCC_NO_COMMON_BLOCKS = YES;
				GCC_OPTIMIZATION_LEVEL = 0;
				GCC_PREPROCESSOR_DEFINITIONS = (
					"DEBUG=1",
					"$(inherited)",
				);
				GCC_WARN_64_TO_32_BIT_CONVERSION = YES;
				GCC_WARN_ABOUT_RETURN_TYPE = YES_ERROR;
				GCC_WARN_UNDECLARED_SELECTOR = YES;
				GCC_WARN_UNINITIALIZED_AUTOS = YES_AGGRESSIVE;
				GCC_WARN_UNUSED_FUNCTION = YES;
				GCC_WARN_UNUSED_VARIABLE = YES;
				INFOPLIST_FILE = "All In/Info.plist";
				IPHONEOS_DEPLOYMENT_TARGET = 16.6;
				LOCALIZATION_PREFERS_STRING_CATALOGS = YES;
				MTL_ENABLE_DEBUG_INFO = INCLUDE_SOURCE;
				MTL_FAST_MATH = YES;
				ONLY_ACTIVE_ARCH = YES;
				SDKROOT = iphoneos;
				SWIFT_ACTIVE_COMPILATION_CONDITIONS = "DEBUG $(inherited)";
				SWIFT_OPTIMIZATION_LEVEL = "-Onone";
			};
			name = Debug;
		};
		D0155AA02B950FF7003FE6BC /* Release */ = {
			isa = XCBuildConfiguration;
			buildSettings = {
				ALWAYS_SEARCH_USER_PATHS = NO;
				ASSETCATALOG_COMPILER_GENERATE_SWIFT_ASSET_SYMBOL_EXTENSIONS = YES;
				CLANG_ANALYZER_NONNULL = YES;
				CLANG_ANALYZER_NUMBER_OBJECT_CONVERSION = YES_AGGRESSIVE;
				CLANG_CXX_LANGUAGE_STANDARD = "gnu++20";
				CLANG_ENABLE_MODULES = YES;
				CLANG_ENABLE_OBJC_ARC = YES;
				CLANG_ENABLE_OBJC_WEAK = YES;
				CLANG_WARN_BLOCK_CAPTURE_AUTORELEASING = YES;
				CLANG_WARN_BOOL_CONVERSION = YES;
				CLANG_WARN_COMMA = YES;
				CLANG_WARN_CONSTANT_CONVERSION = YES;
				CLANG_WARN_DEPRECATED_OBJC_IMPLEMENTATIONS = YES;
				CLANG_WARN_DIRECT_OBJC_ISA_USAGE = YES_ERROR;
				CLANG_WARN_DOCUMENTATION_COMMENTS = YES;
				CLANG_WARN_EMPTY_BODY = YES;
				CLANG_WARN_ENUM_CONVERSION = YES;
				CLANG_WARN_INFINITE_RECURSION = YES;
				CLANG_WARN_INT_CONVERSION = YES;
				CLANG_WARN_NON_LITERAL_NULL_CONVERSION = YES;
				CLANG_WARN_OBJC_IMPLICIT_RETAIN_SELF = YES;
				CLANG_WARN_OBJC_LITERAL_CONVERSION = YES;
				CLANG_WARN_OBJC_ROOT_CLASS = YES_ERROR;
				CLANG_WARN_QUOTED_INCLUDE_IN_FRAMEWORK_HEADER = YES;
				CLANG_WARN_RANGE_LOOP_ANALYSIS = YES;
				CLANG_WARN_STRICT_PROTOTYPES = YES;
				CLANG_WARN_SUSPICIOUS_MOVE = YES;
				CLANG_WARN_UNGUARDED_AVAILABILITY = YES_AGGRESSIVE;
				CLANG_WARN_UNREACHABLE_CODE = YES;
				CLANG_WARN__DUPLICATE_METHOD_MATCH = YES;
				COPY_PHASE_STRIP = NO;
				DEBUG_INFORMATION_FORMAT = "dwarf-with-dsym";
				ENABLE_NS_ASSERTIONS = NO;
				ENABLE_STRICT_OBJC_MSGSEND = YES;
				ENABLE_USER_SCRIPT_SANDBOXING = YES;
				GCC_C_LANGUAGE_STANDARD = gnu17;
				GCC_NO_COMMON_BLOCKS = YES;
				GCC_WARN_64_TO_32_BIT_CONVERSION = YES;
				GCC_WARN_ABOUT_RETURN_TYPE = YES_ERROR;
				GCC_WARN_UNDECLARED_SELECTOR = YES;
				GCC_WARN_UNINITIALIZED_AUTOS = YES_AGGRESSIVE;
				GCC_WARN_UNUSED_FUNCTION = YES;
				GCC_WARN_UNUSED_VARIABLE = YES;
				INFOPLIST_FILE = "All In/Info.plist";
				IPHONEOS_DEPLOYMENT_TARGET = 16.6;
				LOCALIZATION_PREFERS_STRING_CATALOGS = YES;
				MTL_ENABLE_DEBUG_INFO = NO;
				MTL_FAST_MATH = YES;
				SDKROOT = iphoneos;
				SWIFT_COMPILATION_MODE = wholemodule;
				VALIDATE_PRODUCT = YES;
			};
			name = Release;
		};
		D0155AA22B950FF7003FE6BC /* Debug */ = {
			isa = XCBuildConfiguration;
			baseConfigurationReference = FDC7C3DA2CD81737007BE12F /* Keys.xcconfig */;
			buildSettings = {
				ASSETCATALOG_COMPILER_APPICON_NAME = AppIcon;
				ASSETCATALOG_COMPILER_GLOBAL_ACCENT_COLOR_NAME = AccentColor;
				CODE_SIGN_STYLE = Automatic;
				CURRENT_PROJECT_VERSION = 1;
				DEVELOPMENT_ASSET_PATHS = "\"All In/Resources/Preview Content\"";
				ENABLE_PREVIEWS = YES;
				ENABLE_USER_SCRIPT_SANDBOXING = NO;
				GENERATE_INFOPLIST_FILE = NO;
				INFOPLIST_FILE = "All In/Info.plist";
				INFOPLIST_KEY_UIApplicationSceneManifest_Generation = YES;
				INFOPLIST_KEY_UIApplicationSupportsIndirectInputEvents = YES;
				INFOPLIST_KEY_UILaunchScreen_Generation = YES;
				INFOPLIST_KEY_UISupportedInterfaceOrientations_iPad = "UIInterfaceOrientationPortrait UIInterfaceOrientationPortraitUpsideDown UIInterfaceOrientationLandscapeLeft UIInterfaceOrientationLandscapeRight";
				INFOPLIST_KEY_UISupportedInterfaceOrientations_iPhone = "UIInterfaceOrientationPortrait UIInterfaceOrientationLandscapeLeft UIInterfaceOrientationLandscapeRight";
				IPHONEOS_DEPLOYMENT_TARGET = 16.0;
				LD_RUNPATH_SEARCH_PATHS = (
					"$(inherited)",
					"@executable_path/Frameworks",
				);
				MARKETING_VERSION = 1.0;
				PRODUCT_BUNDLE_IDENTIFIER = "org.cuappdev.All-In";
				PRODUCT_NAME = "$(TARGET_NAME)";
				SWIFT_EMIT_LOC_STRINGS = YES;
				SWIFT_VERSION = 5.0;
				TARGETED_DEVICE_FAMILY = "1,2";
			};
			name = Debug;
		};
		D0155AA32B950FF7003FE6BC /* Release */ = {
			isa = XCBuildConfiguration;
			baseConfigurationReference = FDC7C3DA2CD81737007BE12F /* Keys.xcconfig */;
			buildSettings = {
				ASSETCATALOG_COMPILER_APPICON_NAME = AppIcon;
				ASSETCATALOG_COMPILER_GLOBAL_ACCENT_COLOR_NAME = AccentColor;
				CODE_SIGN_STYLE = Automatic;
				CURRENT_PROJECT_VERSION = 1;
				DEVELOPMENT_ASSET_PATHS = "\"All In/Resources/Preview Content\"";
				ENABLE_PREVIEWS = YES;
				ENABLE_USER_SCRIPT_SANDBOXING = NO;
				GENERATE_INFOPLIST_FILE = NO;
				INFOPLIST_FILE = "All In/Info.plist";
				INFOPLIST_KEY_UIApplicationSceneManifest_Generation = YES;
				INFOPLIST_KEY_UIApplicationSupportsIndirectInputEvents = YES;
				INFOPLIST_KEY_UILaunchScreen_Generation = YES;
				INFOPLIST_KEY_UISupportedInterfaceOrientations_iPad = "UIInterfaceOrientationPortrait UIInterfaceOrientationPortraitUpsideDown UIInterfaceOrientationLandscapeLeft UIInterfaceOrientationLandscapeRight";
				INFOPLIST_KEY_UISupportedInterfaceOrientations_iPhone = "UIInterfaceOrientationPortrait UIInterfaceOrientationLandscapeLeft UIInterfaceOrientationLandscapeRight";
				IPHONEOS_DEPLOYMENT_TARGET = 16.0;
				LD_RUNPATH_SEARCH_PATHS = (
					"$(inherited)",
					"@executable_path/Frameworks",
				);
				MARKETING_VERSION = 1.0;
				PRODUCT_BUNDLE_IDENTIFIER = "org.cuappdev.All-In";
				PRODUCT_NAME = "$(TARGET_NAME)";
				SWIFT_EMIT_LOC_STRINGS = YES;
				SWIFT_VERSION = 5.0;
				TARGETED_DEVICE_FAMILY = "1,2";
			};
			name = Release;
		};
		D0155AA52B950FF7003FE6BC /* Debug */ = {
			isa = XCBuildConfiguration;
			buildSettings = {
				BUNDLE_LOADER = "$(TEST_HOST)";
				CODE_SIGN_STYLE = Automatic;
				CURRENT_PROJECT_VERSION = 1;
				GENERATE_INFOPLIST_FILE = YES;
				IPHONEOS_DEPLOYMENT_TARGET = 16.6;
				MARKETING_VERSION = 1.0;
				PRODUCT_BUNDLE_IDENTIFIER = "org.cuappdev.All-InTests";
				PRODUCT_NAME = "$(TARGET_NAME)";
				SWIFT_EMIT_LOC_STRINGS = NO;
				SWIFT_VERSION = 5.0;
				TARGETED_DEVICE_FAMILY = "1,2";
				TEST_HOST = "$(BUILT_PRODUCTS_DIR)/All In.app/$(BUNDLE_EXECUTABLE_FOLDER_PATH)/All In";
			};
			name = Debug;
		};
		D0155AA62B950FF7003FE6BC /* Release */ = {
			isa = XCBuildConfiguration;
			buildSettings = {
				BUNDLE_LOADER = "$(TEST_HOST)";
				CODE_SIGN_STYLE = Automatic;
				CURRENT_PROJECT_VERSION = 1;
				GENERATE_INFOPLIST_FILE = YES;
				IPHONEOS_DEPLOYMENT_TARGET = 16.6;
				MARKETING_VERSION = 1.0;
				PRODUCT_BUNDLE_IDENTIFIER = "org.cuappdev.All-InTests";
				PRODUCT_NAME = "$(TARGET_NAME)";
				SWIFT_EMIT_LOC_STRINGS = NO;
				SWIFT_VERSION = 5.0;
				TARGETED_DEVICE_FAMILY = "1,2";
				TEST_HOST = "$(BUILT_PRODUCTS_DIR)/All In.app/$(BUNDLE_EXECUTABLE_FOLDER_PATH)/All In";
			};
			name = Release;
		};
		D0155AA82B950FF7003FE6BC /* Debug */ = {
			isa = XCBuildConfiguration;
			buildSettings = {
				CODE_SIGN_STYLE = Automatic;
				CURRENT_PROJECT_VERSION = 1;
				GENERATE_INFOPLIST_FILE = YES;
				MARKETING_VERSION = 1.0;
				PRODUCT_BUNDLE_IDENTIFIER = "org.cuappdev.All-InUITests";
				PRODUCT_NAME = "$(TARGET_NAME)";
				SWIFT_EMIT_LOC_STRINGS = NO;
				SWIFT_VERSION = 5.0;
				TARGETED_DEVICE_FAMILY = "1,2";
				TEST_TARGET_NAME = "All In";
			};
			name = Debug;
		};
		D0155AA92B950FF7003FE6BC /* Release */ = {
			isa = XCBuildConfiguration;
			buildSettings = {
				CODE_SIGN_STYLE = Automatic;
				CURRENT_PROJECT_VERSION = 1;
				GENERATE_INFOPLIST_FILE = YES;
				MARKETING_VERSION = 1.0;
				PRODUCT_BUNDLE_IDENTIFIER = "org.cuappdev.All-InUITests";
				PRODUCT_NAME = "$(TARGET_NAME)";
				SWIFT_EMIT_LOC_STRINGS = NO;
				SWIFT_VERSION = 5.0;
				TARGETED_DEVICE_FAMILY = "1,2";
				TEST_TARGET_NAME = "All In";
			};
			name = Release;
		};
/* End XCBuildConfiguration section */

/* Begin XCConfigurationList section */
		D0155A782B950FF6003FE6BC /* Build configuration list for PBXProject "All In" */ = {
			isa = XCConfigurationList;
			buildConfigurations = (
				D0155A9F2B950FF7003FE6BC /* Debug */,
				D0155AA02B950FF7003FE6BC /* Release */,
			);
			defaultConfigurationIsVisible = 0;
			defaultConfigurationName = Release;
		};
		D0155AA12B950FF7003FE6BC /* Build configuration list for PBXNativeTarget "All In" */ = {
			isa = XCConfigurationList;
			buildConfigurations = (
				D0155AA22B950FF7003FE6BC /* Debug */,
				D0155AA32B950FF7003FE6BC /* Release */,
			);
			defaultConfigurationIsVisible = 0;
			defaultConfigurationName = Release;
		};
		D0155AA42B950FF7003FE6BC /* Build configuration list for PBXNativeTarget "All InTests" */ = {
			isa = XCConfigurationList;
			buildConfigurations = (
				D0155AA52B950FF7003FE6BC /* Debug */,
				D0155AA62B950FF7003FE6BC /* Release */,
			);
			defaultConfigurationIsVisible = 0;
			defaultConfigurationName = Release;
		};
		D0155AA72B950FF7003FE6BC /* Build configuration list for PBXNativeTarget "All InUITests" */ = {
			isa = XCConfigurationList;
			buildConfigurations = (
				D0155AA82B950FF7003FE6BC /* Debug */,
				D0155AA92B950FF7003FE6BC /* Release */,
			);
			defaultConfigurationIsVisible = 0;
			defaultConfigurationName = Release;
		};
/* End XCConfigurationList section */

/* Begin XCRemoteSwiftPackageReference section */
		892478402CCD723B0086F335 /* XCRemoteSwiftPackageReference "SwiftLintPlugins" */ = {
			isa = XCRemoteSwiftPackageReference;
			repositoryURL = "https://github.com/SimplyDanny/SwiftLintPlugins";
			requirement = {
				kind = upToNextMajorVersion;
				minimumVersion = 0.57.0;
			};
		};
		D047C62F2BD6E9DA007F6103 /* XCRemoteSwiftPackageReference "AlamofireImage" */ = {
			isa = XCRemoteSwiftPackageReference;
			repositoryURL = "https://github.com/Alamofire/AlamofireImage.git";
			requirement = {
				kind = upToNextMajorVersion;
				minimumVersion = 4.3.0;
			};
		};
		D0CD31832BD5A3EC00E7136C /* XCRemoteSwiftPackageReference "Alamofire" */ = {
			isa = XCRemoteSwiftPackageReference;
			repositoryURL = "https://github.com/Alamofire/Alamofire.git";
			requirement = {
				kind = upToNextMajorVersion;
				minimumVersion = 5.9.1;
			};
		};
		D0F6A9F42BD887F100D75BAD /* XCRemoteSwiftPackageReference "SnapKit" */ = {
			isa = XCRemoteSwiftPackageReference;
			repositoryURL = "https://github.com/SnapKit/SnapKit";
			requirement = {
				kind = upToNextMajorVersion;
				minimumVersion = 5.7.1;
			};
		};
/* End XCRemoteSwiftPackageReference section */

/* Begin XCSwiftPackageProductDependency section */
		8924784A2CCD7A270086F335 /* SwiftLintBuildToolPlugin */ = {
			isa = XCSwiftPackageProductDependency;
			package = 892478402CCD723B0086F335 /* XCRemoteSwiftPackageReference "SwiftLintPlugins" */;
			productName = "plugin:SwiftLintBuildToolPlugin";
		};
		D047C6302BD6E9DA007F6103 /* AlamofireImage */ = {
			isa = XCSwiftPackageProductDependency;
			package = D047C62F2BD6E9DA007F6103 /* XCRemoteSwiftPackageReference "AlamofireImage" */;
			productName = AlamofireImage;
		};
		D0CD31842BD5A3EC00E7136C /* Alamofire */ = {
			isa = XCSwiftPackageProductDependency;
			package = D0CD31832BD5A3EC00E7136C /* XCRemoteSwiftPackageReference "Alamofire" */;
			productName = Alamofire;
		};
		D0F6A9F52BD887F100D75BAD /* SnapKit */ = {
			isa = XCSwiftPackageProductDependency;
			package = D0F6A9F42BD887F100D75BAD /* XCRemoteSwiftPackageReference "SnapKit" */;
			productName = SnapKit;
		};
/* End XCSwiftPackageProductDependency section */
	};
	rootObject = D0155A752B950FF6003FE6BC /* Project object */;
}
